
Microsoft Visual Studio Solution File, Format Version 12.00
# Visual Studio 15
VisualStudioVersion = 15.0.26403.7
MinimumVisualStudioVersion = 10.0.40219.1
Project("{9A19103F-16F7-4668-BE54-9A1E7A4F7556}") = "Revenj.Core.NetStandard", "Core\Revenj.Core\Revenj.Core.NetStandard.csproj", "{3E472630-22AF-47A0-9E44-3449EB990B43}"
EndProject
Project("{9A19103F-16F7-4668-BE54-9A1E7A4F7556}") = "Revenj.Core.Interface.NetStandard", "Core\Revenj.Core.Interface\Revenj.Core.Interface.NetStandard.csproj", "{DE956CBD-DC6F-436D-A84F-307836E83F66}"
EndProject
Global
	GlobalSection(SolutionConfigurationPlatforms) = preSolution
		Debug|Any CPU = Debug|Any CPU
		Release|Any CPU = Release|Any CPU
	EndGlobalSection
	GlobalSection(ProjectConfigurationPlatforms) = postSolution
		{3E472630-22AF-47A0-9E44-3449EB990B43}.Debug|Any CPU.ActiveCfg = Debug|Any CPU
		{3E472630-22AF-47A0-9E44-3449EB990B43}.Debug|Any CPU.Build.0 = Debug|Any CPU
		{3E472630-22AF-47A0-9E44-3449EB990B43}.Release|Any CPU.ActiveCfg = Release|Any CPU
		{3E472630-22AF-47A0-9E44-3449EB990B43}.Release|Any CPU.Build.0 = Release|Any CPU
		{DE956CBD-DC6F-436D-A84F-307836E83F66}.Debug|Any CPU.ActiveCfg = Debug|Any CPU
		{DE956CBD-DC6F-436D-A84F-307836E83F66}.Debug|Any CPU.Build.0 = Debug|Any CPU
		{DE956CBD-DC6F-436D-A84F-307836E83F66}.Release|Any CPU.ActiveCfg = Release|Any CPU
		{DE956CBD-DC6F-436D-A84F-307836E83F66}.Release|Any CPU.Build.0 = Release|Any CPU
	EndGlobalSection
	GlobalSection(SolutionProperties) = preSolution
		HideSolutionNode = FALSE
	EndGlobalSection
EndGlobal
