
Microsoft Visual Studio Solution File, Format Version 11.00
# Visual Studio 2010
Project("{2150E333-8FDC-42A3-9474-1A3956D46DE8}") = "Solution Items", "Solution Items", "{7CFF9545-4CA9-462A-AB53-42C85A3A808F}"
	ProjectSection(SolutionItems) = preProject
		Revenj.snk = Revenj.snk
		SharedAssemblyInfo.cs = SharedAssemblyInfo.cs
	EndProjectSection
EndProject
Project("{2150E333-8FDC-42A3-9474-1A3956D46DE8}") = "Server", "Server", "{9337DE07-CEB3-456E-8FF3-C6BA4DB6496D}"
EndProject
Project("{2150E333-8FDC-42A3-9474-1A3956D46DE8}") = "Plugins", "Plugins", "{8ACB635F-5875-4FCB-AC38-CE33598D23B3}"
EndProject
Project("{2150E333-8FDC-42A3-9474-1A3956D46DE8}") = "Core", "Core", "{511632A3-D73B-46A7-8509-2A7B59AB01FD}"
EndProject
Project("{FAE04EC0-301F-11D3-BF4B-00C04F79EFBC}") = "Revenj.Core.Interface", "Core\Revenj.Core.Interface\Revenj.Core.Interface.csproj", "{1BC1AA42-67B6-4EFD-B717-2AB6FEB981B8}"
EndProject
Project("{FAE04EC0-301F-11D3-BF4B-00C04F79EFBC}") = "Revenj.Processing.Interface", "Server\Revenj.Processing.Interface\Revenj.Processing.Interface.csproj", "{721E3056-0F68-4874-B5E0-0B0223ECC4D7}"
EndProject
Project("{FAE04EC0-301F-11D3-BF4B-00C04F79EFBC}") = "Revenj.Processing", "Server\Revenj.Processing\Revenj.Processing.csproj", "{186DA9E7-5A90-4E10-90D3-C8080265EA70}"
EndProject
Project("{FAE04EC0-301F-11D3-BF4B-00C04F79EFBC}") = "Revenj.Plugins.Server.Commands", "Plugins\Revenj.Plugins.Server.Commands\Revenj.Plugins.Server.Commands.csproj", "{D71A0FE0-0D80-48D2-B8F4-094DED490179}"
EndProject
Project("{2150E333-8FDC-42A3-9474-1A3956D46DE8}") = "Features", "Features", "{5304F374-4E2F-49A4-8506-4E33FF86C526}"
EndProject
Project("{FAE04EC0-301F-11D3-BF4B-00C04F79EFBC}") = "Revenj.Features.Mailer", "Features\Revenj.Features.Mailer\Revenj.Features.Mailer.csproj", "{1F7D1B31-5726-4D1B-B03D-449C2026D879}"
EndProject
Project("{FAE04EC0-301F-11D3-BF4B-00C04F79EFBC}") = "Revenj.Plugins.Rest.Commands", "Plugins\Revenj.Plugins.Rest.Commands\Revenj.Plugins.Rest.Commands.csproj", "{C06DA32E-8685-4D7A-806F-8A95E85C13EA}"
EndProject
Project("{FAE04EC0-301F-11D3-BF4B-00C04F79EFBC}") = "Revenj.Api.Interface", "Server\Revenj.Api.Interface\Revenj.Api.Interface.csproj", "{7DACDADE-BA4D-4950-AA99-DF9CC9A5619E}"
EndProject
Project("{FAE04EC0-301F-11D3-BF4B-00C04F79EFBC}") = "Revenj.Wcf", "Server\Revenj.Wcf\Revenj.Wcf.csproj", "{30CDA3F6-A7A1-499B-B209-118079235744}"
	ProjectSection(ProjectDependencies) = postProject
		{7AFCA200-73CC-4C4D-8815-C512448118D2} = {7AFCA200-73CC-4C4D-8815-C512448118D2}
		{C06DA32E-8685-4D7A-806F-8A95E85C13EA} = {C06DA32E-8685-4D7A-806F-8A95E85C13EA}
		{1F7D1B31-5726-4D1B-B03D-449C2026D879} = {1F7D1B31-5726-4D1B-B03D-449C2026D879}
		{7A17AEAA-DD17-4D57-ACD9-B74A450D9E39} = {7A17AEAA-DD17-4D57-ACD9-B74A450D9E39}
		{D8A96FAF-B87E-4B6E-9A3E-BBE567F23C50} = {D8A96FAF-B87E-4B6E-9A3E-BBE567F23C50}
		{D71A0FE0-0D80-48D2-B8F4-094DED490179} = {D71A0FE0-0D80-48D2-B8F4-094DED490179}
	EndProjectSection
EndProject
Project("{FAE04EC0-301F-11D3-BF4B-00C04F79EFBC}") = "Revenj.Features.Storage", "Features\Revenj.Features.Storage\Revenj.Features.Storage.csproj", "{D8A96FAF-B87E-4B6E-9A3E-BBE567F23C50}"
EndProject
Project("{FAE04EC0-301F-11D3-BF4B-00C04F79EFBC}") = "Revenj.Oracle64", "Core\Revenj.DatabasePersistence.Oracle\Revenj.Oracle64.csproj", "{7AFCA200-73CC-4C4D-8815-C512448118D2}"
EndProject
Project("{FAE04EC0-301F-11D3-BF4B-00C04F79EFBC}") = "Revenj.WindowsService", "Server\Revenj.WindowsService\Revenj.WindowsService.csproj", "{C88E9BC2-4058-4313-97D1-B2AC5DB2B599}"
	ProjectSection(ProjectDependencies) = postProject
		{1F7D1B31-5726-4D1B-B03D-449C2026D879} = {1F7D1B31-5726-4D1B-B03D-449C2026D879}
	EndProjectSection
EndProject
Project("{FAE04EC0-301F-11D3-BF4B-00C04F79EFBC}") = "Revenj.Http", "Server\Revenj.Http\Revenj.Http.csproj", "{6AD42C2E-99E1-4F28-9B59-7B404C37B0A8}"
	ProjectSection(ProjectDependencies) = postProject
		{7AFCA200-73CC-4C4D-8815-C512448118D2} = {7AFCA200-73CC-4C4D-8815-C512448118D2}
		{C06DA32E-8685-4D7A-806F-8A95E85C13EA} = {C06DA32E-8685-4D7A-806F-8A95E85C13EA}
		{1F7D1B31-5726-4D1B-B03D-449C2026D879} = {1F7D1B31-5726-4D1B-B03D-449C2026D879}
		{B0AD684D-54FD-4C20-8036-3AF0062956B3} = {B0AD684D-54FD-4C20-8036-3AF0062956B3}
		{D0582F75-2EDA-4381-AA64-BF9B2B6F6B0D} = {D0582F75-2EDA-4381-AA64-BF9B2B6F6B0D}
		{7A17AEAA-DD17-4D57-ACD9-B74A450D9E39} = {7A17AEAA-DD17-4D57-ACD9-B74A450D9E39}
		{D8A96FAF-B87E-4B6E-9A3E-BBE567F23C50} = {D8A96FAF-B87E-4B6E-9A3E-BBE567F23C50}
		{D71A0FE0-0D80-48D2-B8F4-094DED490179} = {D71A0FE0-0D80-48D2-B8F4-094DED490179}
	EndProjectSection
EndProject
Project("{FAE04EC0-301F-11D3-BF4B-00C04F79EFBC}") = "Revenj.SignalRWeb", "Server\Revenj.SignalRWeb\Revenj.SignalRWeb.csproj", "{BE167D36-C083-495C-A633-3ED999E4674F}"
EndProject
Project("{FAE04EC0-301F-11D3-BF4B-00C04F79EFBC}") = "Revenj.Features.RestCache", "Features\Revenj.Features.RestCache\Revenj.Features.RestCache.csproj", "{7A17AEAA-DD17-4D57-ACD9-B74A450D9E39}"
EndProject
Project("{FAE04EC0-301F-11D3-BF4B-00C04F79EFBC}") = "Revenj.Core", "Core\Revenj.Core\Revenj.Core.csproj", "{A01BD986-6602-44CF-B27B-1370E9BF7CF8}"
EndProject
Project("{FAE04EC0-301F-11D3-BF4B-00C04F79EFBC}") = "Revenj.Plugins.Aspects", "Plugins\Revenj.Plugins.Aspects\Revenj.Plugins.Aspects.csproj", "{B0AD684D-54FD-4C20-8036-3AF0062956B3}"
EndProject
Project("{FAE04EC0-301F-11D3-BF4B-00C04F79EFBC}") = "Revenj.Oracle32", "Core\Revenj.Oracle32\Revenj.Oracle32.csproj", "{D0582F75-2EDA-4381-AA64-BF9B2B6F6B0D}"
EndProject
Global
	GlobalSection(DslPlatformSolutionProperties) = preSolution
		Php.Name = Php
		Php.Target = Php
	EndGlobalSection
	GlobalSection(SolutionConfigurationPlatforms) = preSolution
		Debug|Any CPU = Debug|Any CPU
		Debug|Mixed Platforms = Debug|Mixed Platforms
		Debug|x86 = Debug|x86
		Release|Any CPU = Release|Any CPU
		Release|Mixed Platforms = Release|Mixed Platforms
		Release|x86 = Release|x86
	EndGlobalSection
	GlobalSection(ProjectConfigurationPlatforms) = postSolution
		{1BC1AA42-67B6-4EFD-B717-2AB6FEB981B8}.Debug|Any CPU.ActiveCfg = Debug|Any CPU
		{1BC1AA42-67B6-4EFD-B717-2AB6FEB981B8}.Debug|Any CPU.Build.0 = Debug|Any CPU
		{1BC1AA42-67B6-4EFD-B717-2AB6FEB981B8}.Debug|Mixed Platforms.ActiveCfg = Debug|Any CPU
		{1BC1AA42-67B6-4EFD-B717-2AB6FEB981B8}.Debug|Mixed Platforms.Build.0 = Debug|Any CPU
		{1BC1AA42-67B6-4EFD-B717-2AB6FEB981B8}.Debug|x86.ActiveCfg = Debug|Any CPU
		{1BC1AA42-67B6-4EFD-B717-2AB6FEB981B8}.Release|Any CPU.ActiveCfg = Release|Any CPU
		{1BC1AA42-67B6-4EFD-B717-2AB6FEB981B8}.Release|Any CPU.Build.0 = Release|Any CPU
		{1BC1AA42-67B6-4EFD-B717-2AB6FEB981B8}.Release|Mixed Platforms.ActiveCfg = Release|Any CPU
		{1BC1AA42-67B6-4EFD-B717-2AB6FEB981B8}.Release|Mixed Platforms.Build.0 = Release|Any CPU
		{1BC1AA42-67B6-4EFD-B717-2AB6FEB981B8}.Release|x86.ActiveCfg = Release|Any CPU
		{721E3056-0F68-4874-B5E0-0B0223ECC4D7}.Debug|Any CPU.ActiveCfg = Debug|Any CPU
		{721E3056-0F68-4874-B5E0-0B0223ECC4D7}.Debug|Any CPU.Build.0 = Debug|Any CPU
		{721E3056-0F68-4874-B5E0-0B0223ECC4D7}.Debug|Mixed Platforms.ActiveCfg = Debug|Any CPU
		{721E3056-0F68-4874-B5E0-0B0223ECC4D7}.Debug|Mixed Platforms.Build.0 = Debug|Any CPU
		{721E3056-0F68-4874-B5E0-0B0223ECC4D7}.Debug|x86.ActiveCfg = Debug|Any CPU
		{721E3056-0F68-4874-B5E0-0B0223ECC4D7}.Release|Any CPU.ActiveCfg = Release|Any CPU
		{721E3056-0F68-4874-B5E0-0B0223ECC4D7}.Release|Any CPU.Build.0 = Release|Any CPU
		{721E3056-0F68-4874-B5E0-0B0223ECC4D7}.Release|Mixed Platforms.ActiveCfg = Release|Any CPU
		{721E3056-0F68-4874-B5E0-0B0223ECC4D7}.Release|Mixed Platforms.Build.0 = Release|Any CPU
		{721E3056-0F68-4874-B5E0-0B0223ECC4D7}.Release|x86.ActiveCfg = Release|Any CPU
		{186DA9E7-5A90-4E10-90D3-C8080265EA70}.Debug|Any CPU.ActiveCfg = Debug|Any CPU
		{186DA9E7-5A90-4E10-90D3-C8080265EA70}.Debug|Any CPU.Build.0 = Debug|Any CPU
		{186DA9E7-5A90-4E10-90D3-C8080265EA70}.Debug|Mixed Platforms.ActiveCfg = Debug|Any CPU
		{186DA9E7-5A90-4E10-90D3-C8080265EA70}.Debug|Mixed Platforms.Build.0 = Debug|Any CPU
		{186DA9E7-5A90-4E10-90D3-C8080265EA70}.Debug|x86.ActiveCfg = Debug|Any CPU
		{186DA9E7-5A90-4E10-90D3-C8080265EA70}.Release|Any CPU.ActiveCfg = Release|Any CPU
		{186DA9E7-5A90-4E10-90D3-C8080265EA70}.Release|Any CPU.Build.0 = Release|Any CPU
		{186DA9E7-5A90-4E10-90D3-C8080265EA70}.Release|Mixed Platforms.ActiveCfg = Release|Any CPU
		{186DA9E7-5A90-4E10-90D3-C8080265EA70}.Release|Mixed Platforms.Build.0 = Release|Any CPU
		{186DA9E7-5A90-4E10-90D3-C8080265EA70}.Release|x86.ActiveCfg = Release|Any CPU
		{D71A0FE0-0D80-48D2-B8F4-094DED490179}.Debug|Any CPU.ActiveCfg = Debug|Any CPU
		{D71A0FE0-0D80-48D2-B8F4-094DED490179}.Debug|Any CPU.Build.0 = Debug|Any CPU
		{D71A0FE0-0D80-48D2-B8F4-094DED490179}.Debug|Mixed Platforms.ActiveCfg = Debug|Any CPU
		{D71A0FE0-0D80-48D2-B8F4-094DED490179}.Debug|Mixed Platforms.Build.0 = Debug|Any CPU
		{D71A0FE0-0D80-48D2-B8F4-094DED490179}.Debug|x86.ActiveCfg = Debug|Any CPU
		{D71A0FE0-0D80-48D2-B8F4-094DED490179}.Release|Any CPU.ActiveCfg = Release|Any CPU
		{D71A0FE0-0D80-48D2-B8F4-094DED490179}.Release|Any CPU.Build.0 = Release|Any CPU
		{D71A0FE0-0D80-48D2-B8F4-094DED490179}.Release|Mixed Platforms.ActiveCfg = Release|Any CPU
		{D71A0FE0-0D80-48D2-B8F4-094DED490179}.Release|Mixed Platforms.Build.0 = Release|Any CPU
		{D71A0FE0-0D80-48D2-B8F4-094DED490179}.Release|x86.ActiveCfg = Release|Any CPU
		{1F7D1B31-5726-4D1B-B03D-449C2026D879}.Debug|Any CPU.ActiveCfg = Debug|Any CPU
		{1F7D1B31-5726-4D1B-B03D-449C2026D879}.Debug|Any CPU.Build.0 = Debug|Any CPU
		{1F7D1B31-5726-4D1B-B03D-449C2026D879}.Debug|Mixed Platforms.ActiveCfg = Debug|Any CPU
		{1F7D1B31-5726-4D1B-B03D-449C2026D879}.Debug|Mixed Platforms.Build.0 = Debug|Any CPU
		{1F7D1B31-5726-4D1B-B03D-449C2026D879}.Debug|x86.ActiveCfg = Debug|Any CPU
		{1F7D1B31-5726-4D1B-B03D-449C2026D879}.Release|Any CPU.ActiveCfg = Release|Any CPU
		{1F7D1B31-5726-4D1B-B03D-449C2026D879}.Release|Any CPU.Build.0 = Release|Any CPU
		{1F7D1B31-5726-4D1B-B03D-449C2026D879}.Release|Mixed Platforms.ActiveCfg = Release|Any CPU
		{1F7D1B31-5726-4D1B-B03D-449C2026D879}.Release|Mixed Platforms.Build.0 = Release|Any CPU
		{1F7D1B31-5726-4D1B-B03D-449C2026D879}.Release|x86.ActiveCfg = Release|Any CPU
		{C06DA32E-8685-4D7A-806F-8A95E85C13EA}.Debug|Any CPU.ActiveCfg = Debug|Any CPU
		{C06DA32E-8685-4D7A-806F-8A95E85C13EA}.Debug|Any CPU.Build.0 = Debug|Any CPU
		{C06DA32E-8685-4D7A-806F-8A95E85C13EA}.Debug|Mixed Platforms.ActiveCfg = Debug|Any CPU
		{C06DA32E-8685-4D7A-806F-8A95E85C13EA}.Debug|Mixed Platforms.Build.0 = Debug|Any CPU
		{C06DA32E-8685-4D7A-806F-8A95E85C13EA}.Debug|x86.ActiveCfg = Debug|Any CPU
		{C06DA32E-8685-4D7A-806F-8A95E85C13EA}.Release|Any CPU.ActiveCfg = Release|Any CPU
		{C06DA32E-8685-4D7A-806F-8A95E85C13EA}.Release|Any CPU.Build.0 = Release|Any CPU
		{C06DA32E-8685-4D7A-806F-8A95E85C13EA}.Release|Mixed Platforms.ActiveCfg = Release|Any CPU
		{C06DA32E-8685-4D7A-806F-8A95E85C13EA}.Release|Mixed Platforms.Build.0 = Release|Any CPU
		{C06DA32E-8685-4D7A-806F-8A95E85C13EA}.Release|x86.ActiveCfg = Release|Any CPU
		{7DACDADE-BA4D-4950-AA99-DF9CC9A5619E}.Debug|Any CPU.ActiveCfg = Debug|Any CPU
		{7DACDADE-BA4D-4950-AA99-DF9CC9A5619E}.Debug|Any CPU.Build.0 = Debug|Any CPU
		{7DACDADE-BA4D-4950-AA99-DF9CC9A5619E}.Debug|Mixed Platforms.ActiveCfg = Debug|Any CPU
		{7DACDADE-BA4D-4950-AA99-DF9CC9A5619E}.Debug|Mixed Platforms.Build.0 = Debug|Any CPU
		{7DACDADE-BA4D-4950-AA99-DF9CC9A5619E}.Debug|x86.ActiveCfg = Debug|Any CPU
		{7DACDADE-BA4D-4950-AA99-DF9CC9A5619E}.Release|Any CPU.ActiveCfg = Release|Any CPU
		{7DACDADE-BA4D-4950-AA99-DF9CC9A5619E}.Release|Any CPU.Build.0 = Release|Any CPU
		{7DACDADE-BA4D-4950-AA99-DF9CC9A5619E}.Release|Mixed Platforms.ActiveCfg = Release|Any CPU
		{7DACDADE-BA4D-4950-AA99-DF9CC9A5619E}.Release|Mixed Platforms.Build.0 = Release|Any CPU
		{7DACDADE-BA4D-4950-AA99-DF9CC9A5619E}.Release|x86.ActiveCfg = Release|Any CPU
		{30CDA3F6-A7A1-499B-B209-118079235744}.Debug|Any CPU.ActiveCfg = Debug|Any CPU
		{30CDA3F6-A7A1-499B-B209-118079235744}.Debug|Any CPU.Build.0 = Debug|Any CPU
		{30CDA3F6-A7A1-499B-B209-118079235744}.Debug|Mixed Platforms.ActiveCfg = Debug|Any CPU
		{30CDA3F6-A7A1-499B-B209-118079235744}.Debug|Mixed Platforms.Build.0 = Debug|Any CPU
		{30CDA3F6-A7A1-499B-B209-118079235744}.Debug|x86.ActiveCfg = Debug|Any CPU
		{30CDA3F6-A7A1-499B-B209-118079235744}.Release|Any CPU.ActiveCfg = Release|Any CPU
		{30CDA3F6-A7A1-499B-B209-118079235744}.Release|Any CPU.Build.0 = Release|Any CPU
		{30CDA3F6-A7A1-499B-B209-118079235744}.Release|Mixed Platforms.ActiveCfg = Release|Any CPU
		{30CDA3F6-A7A1-499B-B209-118079235744}.Release|Mixed Platforms.Build.0 = Release|Any CPU
		{30CDA3F6-A7A1-499B-B209-118079235744}.Release|x86.ActiveCfg = Release|Any CPU
		{D8A96FAF-B87E-4B6E-9A3E-BBE567F23C50}.Debug|Any CPU.ActiveCfg = Debug|Any CPU
		{D8A96FAF-B87E-4B6E-9A3E-BBE567F23C50}.Debug|Any CPU.Build.0 = Debug|Any CPU
		{D8A96FAF-B87E-4B6E-9A3E-BBE567F23C50}.Debug|Mixed Platforms.ActiveCfg = Debug|Any CPU
		{D8A96FAF-B87E-4B6E-9A3E-BBE567F23C50}.Debug|Mixed Platforms.Build.0 = Debug|Any CPU
		{D8A96FAF-B87E-4B6E-9A3E-BBE567F23C50}.Debug|x86.ActiveCfg = Debug|Any CPU
		{D8A96FAF-B87E-4B6E-9A3E-BBE567F23C50}.Release|Any CPU.ActiveCfg = Release|Any CPU
		{D8A96FAF-B87E-4B6E-9A3E-BBE567F23C50}.Release|Any CPU.Build.0 = Release|Any CPU
		{D8A96FAF-B87E-4B6E-9A3E-BBE567F23C50}.Release|Mixed Platforms.ActiveCfg = Release|Any CPU
		{D8A96FAF-B87E-4B6E-9A3E-BBE567F23C50}.Release|Mixed Platforms.Build.0 = Release|Any CPU
		{D8A96FAF-B87E-4B6E-9A3E-BBE567F23C50}.Release|x86.ActiveCfg = Release|Any CPU
		{7AFCA200-73CC-4C4D-8815-C512448118D2}.Debug|Any CPU.ActiveCfg = Debug|Any CPU
		{7AFCA200-73CC-4C4D-8815-C512448118D2}.Debug|Any CPU.Build.0 = Debug|Any CPU
		{7AFCA200-73CC-4C4D-8815-C512448118D2}.Debug|Mixed Platforms.ActiveCfg = Debug|Any CPU
		{7AFCA200-73CC-4C4D-8815-C512448118D2}.Debug|Mixed Platforms.Build.0 = Debug|Any CPU
		{7AFCA200-73CC-4C4D-8815-C512448118D2}.Debug|x86.ActiveCfg = Debug|Any CPU
		{7AFCA200-73CC-4C4D-8815-C512448118D2}.Release|Any CPU.ActiveCfg = Release|Any CPU
		{7AFCA200-73CC-4C4D-8815-C512448118D2}.Release|Any CPU.Build.0 = Release|Any CPU
		{7AFCA200-73CC-4C4D-8815-C512448118D2}.Release|Mixed Platforms.ActiveCfg = Release|Any CPU
		{7AFCA200-73CC-4C4D-8815-C512448118D2}.Release|Mixed Platforms.Build.0 = Release|Any CPU
		{7AFCA200-73CC-4C4D-8815-C512448118D2}.Release|x86.ActiveCfg = Release|Any CPU
		{C88E9BC2-4058-4313-97D1-B2AC5DB2B599}.Debug|Any CPU.ActiveCfg = Debug|Any CPU
		{C88E9BC2-4058-4313-97D1-B2AC5DB2B599}.Debug|Any CPU.Build.0 = Debug|Any CPU
		{C88E9BC2-4058-4313-97D1-B2AC5DB2B599}.Debug|Mixed Platforms.ActiveCfg = Debug|Any CPU
		{C88E9BC2-4058-4313-97D1-B2AC5DB2B599}.Debug|Mixed Platforms.Build.0 = Debug|Any CPU
		{C88E9BC2-4058-4313-97D1-B2AC5DB2B599}.Debug|x86.ActiveCfg = Debug|Any CPU
		{C88E9BC2-4058-4313-97D1-B2AC5DB2B599}.Release|Any CPU.ActiveCfg = Release|Any CPU
		{C88E9BC2-4058-4313-97D1-B2AC5DB2B599}.Release|Any CPU.Build.0 = Release|Any CPU
		{C88E9BC2-4058-4313-97D1-B2AC5DB2B599}.Release|Mixed Platforms.ActiveCfg = Release|Any CPU
		{C88E9BC2-4058-4313-97D1-B2AC5DB2B599}.Release|Mixed Platforms.Build.0 = Release|Any CPU
		{C88E9BC2-4058-4313-97D1-B2AC5DB2B599}.Release|x86.ActiveCfg = Release|Any CPU
		{6AD42C2E-99E1-4F28-9B59-7B404C37B0A8}.Debug|Any CPU.ActiveCfg = Debug|Any CPU
		{6AD42C2E-99E1-4F28-9B59-7B404C37B0A8}.Debug|Any CPU.Build.0 = Debug|Any CPU
		{6AD42C2E-99E1-4F28-9B59-7B404C37B0A8}.Debug|Mixed Platforms.ActiveCfg = Debug|Any CPU
		{6AD42C2E-99E1-4F28-9B59-7B404C37B0A8}.Debug|Mixed Platforms.Build.0 = Debug|Any CPU
		{6AD42C2E-99E1-4F28-9B59-7B404C37B0A8}.Debug|x86.ActiveCfg = Debug|Any CPU
		{6AD42C2E-99E1-4F28-9B59-7B404C37B0A8}.Release|Any CPU.ActiveCfg = Release|Any CPU
		{6AD42C2E-99E1-4F28-9B59-7B404C37B0A8}.Release|Any CPU.Build.0 = Release|Any CPU
		{6AD42C2E-99E1-4F28-9B59-7B404C37B0A8}.Release|Mixed Platforms.ActiveCfg = Release|Any CPU
		{6AD42C2E-99E1-4F28-9B59-7B404C37B0A8}.Release|Mixed Platforms.Build.0 = Release|Any CPU
		{6AD42C2E-99E1-4F28-9B59-7B404C37B0A8}.Release|x86.ActiveCfg = Release|Any CPU
		{BE167D36-C083-495C-A633-3ED999E4674F}.Debug|Any CPU.ActiveCfg = Debug|Any CPU
		{BE167D36-C083-495C-A633-3ED999E4674F}.Debug|Any CPU.Build.0 = Debug|Any CPU
		{BE167D36-C083-495C-A633-3ED999E4674F}.Debug|Mixed Platforms.ActiveCfg = Debug|Any CPU
		{BE167D36-C083-495C-A633-3ED999E4674F}.Debug|Mixed Platforms.Build.0 = Debug|Any CPU
		{BE167D36-C083-495C-A633-3ED999E4674F}.Debug|x86.ActiveCfg = Debug|Any CPU
		{BE167D36-C083-495C-A633-3ED999E4674F}.Release|Any CPU.ActiveCfg = Release|Any CPU
		{BE167D36-C083-495C-A633-3ED999E4674F}.Release|Any CPU.Build.0 = Release|Any CPU
		{BE167D36-C083-495C-A633-3ED999E4674F}.Release|Mixed Platforms.ActiveCfg = Release|Any CPU
		{BE167D36-C083-495C-A633-3ED999E4674F}.Release|Mixed Platforms.Build.0 = Release|Any CPU
		{BE167D36-C083-495C-A633-3ED999E4674F}.Release|x86.ActiveCfg = Release|Any CPU
		{7A17AEAA-DD17-4D57-ACD9-B74A450D9E39}.Debug|Any CPU.ActiveCfg = Debug|Any CPU
		{7A17AEAA-DD17-4D57-ACD9-B74A450D9E39}.Debug|Any CPU.Build.0 = Debug|Any CPU
		{7A17AEAA-DD17-4D57-ACD9-B74A450D9E39}.Debug|Mixed Platforms.ActiveCfg = Debug|Any CPU
		{7A17AEAA-DD17-4D57-ACD9-B74A450D9E39}.Debug|Mixed Platforms.Build.0 = Debug|Any CPU
		{7A17AEAA-DD17-4D57-ACD9-B74A450D9E39}.Debug|x86.ActiveCfg = Debug|Any CPU
		{7A17AEAA-DD17-4D57-ACD9-B74A450D9E39}.Release|Any CPU.ActiveCfg = Release|Any CPU
		{7A17AEAA-DD17-4D57-ACD9-B74A450D9E39}.Release|Any CPU.Build.0 = Release|Any CPU
		{7A17AEAA-DD17-4D57-ACD9-B74A450D9E39}.Release|Mixed Platforms.ActiveCfg = Release|Any CPU
		{7A17AEAA-DD17-4D57-ACD9-B74A450D9E39}.Release|Mixed Platforms.Build.0 = Release|Any CPU
		{7A17AEAA-DD17-4D57-ACD9-B74A450D9E39}.Release|x86.ActiveCfg = Release|Any CPU
		{A01BD986-6602-44CF-B27B-1370E9BF7CF8}.Debug|Any CPU.ActiveCfg = Debug|Any CPU
		{A01BD986-6602-44CF-B27B-1370E9BF7CF8}.Debug|Any CPU.Build.0 = Debug|Any CPU
		{A01BD986-6602-44CF-B27B-1370E9BF7CF8}.Debug|Mixed Platforms.ActiveCfg = Debug|Any CPU
		{A01BD986-6602-44CF-B27B-1370E9BF7CF8}.Debug|Mixed Platforms.Build.0 = Debug|Any CPU
		{A01BD986-6602-44CF-B27B-1370E9BF7CF8}.Debug|x86.ActiveCfg = Debug|Any CPU
		{A01BD986-6602-44CF-B27B-1370E9BF7CF8}.Release|Any CPU.ActiveCfg = Release|Any CPU
		{A01BD986-6602-44CF-B27B-1370E9BF7CF8}.Release|Any CPU.Build.0 = Release|Any CPU
		{A01BD986-6602-44CF-B27B-1370E9BF7CF8}.Release|Mixed Platforms.ActiveCfg = Release|Any CPU
		{A01BD986-6602-44CF-B27B-1370E9BF7CF8}.Release|Mixed Platforms.Build.0 = Release|Any CPU
		{A01BD986-6602-44CF-B27B-1370E9BF7CF8}.Release|x86.ActiveCfg = Release|Any CPU
		{B0AD684D-54FD-4C20-8036-3AF0062956B3}.Debug|Any CPU.ActiveCfg = Debug|Any CPU
		{B0AD684D-54FD-4C20-8036-3AF0062956B3}.Debug|Any CPU.Build.0 = Debug|Any CPU
		{B0AD684D-54FD-4C20-8036-3AF0062956B3}.Debug|Mixed Platforms.ActiveCfg = Debug|Any CPU
		{B0AD684D-54FD-4C20-8036-3AF0062956B3}.Debug|Mixed Platforms.Build.0 = Debug|Any CPU
		{B0AD684D-54FD-4C20-8036-3AF0062956B3}.Debug|x86.ActiveCfg = Debug|Any CPU
		{B0AD684D-54FD-4C20-8036-3AF0062956B3}.Release|Any CPU.ActiveCfg = Release|Any CPU
		{B0AD684D-54FD-4C20-8036-3AF0062956B3}.Release|Any CPU.Build.0 = Release|Any CPU
		{B0AD684D-54FD-4C20-8036-3AF0062956B3}.Release|Mixed Platforms.ActiveCfg = Release|Any CPU
		{B0AD684D-54FD-4C20-8036-3AF0062956B3}.Release|Mixed Platforms.Build.0 = Release|Any CPU
		{B0AD684D-54FD-4C20-8036-3AF0062956B3}.Release|x86.ActiveCfg = Release|Any CPU
		{D0582F75-2EDA-4381-AA64-BF9B2B6F6B0D}.Debug|Any CPU.ActiveCfg = Debug|Any CPU
		{D0582F75-2EDA-4381-AA64-BF9B2B6F6B0D}.Debug|Any CPU.Build.0 = Debug|Any CPU
		{D0582F75-2EDA-4381-AA64-BF9B2B6F6B0D}.Debug|Mixed Platforms.ActiveCfg = Debug|Any CPU
		{D0582F75-2EDA-4381-AA64-BF9B2B6F6B0D}.Debug|Mixed Platforms.Build.0 = Debug|Any CPU
		{D0582F75-2EDA-4381-AA64-BF9B2B6F6B0D}.Debug|x86.ActiveCfg = Debug|Any CPU
		{D0582F75-2EDA-4381-AA64-BF9B2B6F6B0D}.Release|Any CPU.ActiveCfg = Release|Any CPU
		{D0582F75-2EDA-4381-AA64-BF9B2B6F6B0D}.Release|Any CPU.Build.0 = Release|Any CPU
		{D0582F75-2EDA-4381-AA64-BF9B2B6F6B0D}.Release|Mixed Platforms.ActiveCfg = Release|Any CPU
		{D0582F75-2EDA-4381-AA64-BF9B2B6F6B0D}.Release|Mixed Platforms.Build.0 = Release|Any CPU
		{D0582F75-2EDA-4381-AA64-BF9B2B6F6B0D}.Release|x86.ActiveCfg = Release|Any CPU
	EndGlobalSection
	GlobalSection(SolutionProperties) = preSolution
		HideSolutionNode = FALSE
	EndGlobalSection
	GlobalSection(NestedProjects) = preSolution
		{8ACB635F-5875-4FCB-AC38-CE33598D23B3} = {9337DE07-CEB3-456E-8FF3-C6BA4DB6496D}
		{721E3056-0F68-4874-B5E0-0B0223ECC4D7} = {9337DE07-CEB3-456E-8FF3-C6BA4DB6496D}
		{186DA9E7-5A90-4E10-90D3-C8080265EA70} = {9337DE07-CEB3-456E-8FF3-C6BA4DB6496D}
		{7DACDADE-BA4D-4950-AA99-DF9CC9A5619E} = {9337DE07-CEB3-456E-8FF3-C6BA4DB6496D}
		{30CDA3F6-A7A1-499B-B209-118079235744} = {9337DE07-CEB3-456E-8FF3-C6BA4DB6496D}
		{C88E9BC2-4058-4313-97D1-B2AC5DB2B599} = {9337DE07-CEB3-456E-8FF3-C6BA4DB6496D}
		{6AD42C2E-99E1-4F28-9B59-7B404C37B0A8} = {9337DE07-CEB3-456E-8FF3-C6BA4DB6496D}
		{BE167D36-C083-495C-A633-3ED999E4674F} = {9337DE07-CEB3-456E-8FF3-C6BA4DB6496D}
		{D71A0FE0-0D80-48D2-B8F4-094DED490179} = {8ACB635F-5875-4FCB-AC38-CE33598D23B3}
		{C06DA32E-8685-4D7A-806F-8A95E85C13EA} = {8ACB635F-5875-4FCB-AC38-CE33598D23B3}
		{B0AD684D-54FD-4C20-8036-3AF0062956B3} = {8ACB635F-5875-4FCB-AC38-CE33598D23B3}
		{1BC1AA42-67B6-4EFD-B717-2AB6FEB981B8} = {511632A3-D73B-46A7-8509-2A7B59AB01FD}
		{7AFCA200-73CC-4C4D-8815-C512448118D2} = {511632A3-D73B-46A7-8509-2A7B59AB01FD}
		{A01BD986-6602-44CF-B27B-1370E9BF7CF8} = {511632A3-D73B-46A7-8509-2A7B59AB01FD}
		{D0582F75-2EDA-4381-AA64-BF9B2B6F6B0D} = {511632A3-D73B-46A7-8509-2A7B59AB01FD}
		{1F7D1B31-5726-4D1B-B03D-449C2026D879} = {5304F374-4E2F-49A4-8506-4E33FF86C526}
		{D8A96FAF-B87E-4B6E-9A3E-BBE567F23C50} = {5304F374-4E2F-49A4-8506-4E33FF86C526}
		{7A17AEAA-DD17-4D57-ACD9-B74A450D9E39} = {5304F374-4E2F-49A4-8506-4E33FF86C526}
	EndGlobalSection
EndGlobal
