
Microsoft Visual Studio Solution File, Format Version 11.00
# Visual Studio 2010
Project("{2150E333-8FDC-42A3-9474-1A3956D46DE8}") = "Solution Items", "Solution Items", "{7CFF9545-4CA9-462A-AB53-42C85A3A808F}"
	ProjectSection(SolutionItems) = preProject
		NGS.snk = NGS.snk
	EndProjectSection
EndProject
Project("{2150E333-8FDC-42A3-9474-1A3956D46DE8}") = "Database", "Database", "{307D5263-7AFA-4823-83DA-BA5D37719981}"
EndProject
Project("{2150E333-8FDC-42A3-9474-1A3956D46DE8}") = "Plugins", "Plugins", "{C43A819E-AF1A-4040-9231-4F297DD6416F}"
EndProject
Project("{2150E333-8FDC-42A3-9474-1A3956D46DE8}") = "Server", "Server", "{9337DE07-CEB3-456E-8FF3-C6BA4DB6496D}"
EndProject
Project("{2150E333-8FDC-42A3-9474-1A3956D46DE8}") = "Plugins", "Plugins", "{8ACB635F-5875-4FCB-AC38-CE33598D23B3}"
EndProject
Project("{2150E333-8FDC-42A3-9474-1A3956D46DE8}") = "Core", "Core", "{511632A3-D73B-46A7-8509-2A7B59AB01FD}"
EndProject
Project("{2150E333-8FDC-42A3-9474-1A3956D46DE8}") = "Domain", "Domain", "{EB086185-A8F5-4FDE-952A-A7F7A09D0C1C}"
EndProject
Project("{FAE04EC0-301F-11D3-BF4B-00C04F79EFBC}") = "NGS.Extensibility", "Core\NGS.Extensibility\NGS.Extensibility.csproj", "{3BCE35A8-8B3D-4611-B8AB-D524EA4D7908}"
EndProject
Project("{FAE04EC0-301F-11D3-BF4B-00C04F79EFBC}") = "NGS.Extensibility.Interface", "Core\NGS.Extensibility.Interface\NGS.Extensibility.Interface.csproj", "{E7DE330D-1E7C-486E-BAE6-222B87256408}"
EndProject
Project("{FAE04EC0-301F-11D3-BF4B-00C04F79EFBC}") = "NGS.Common", "Core\NGS.Common\NGS.Common.csproj", "{00DAFAB8-31C5-4DC6-A4A8-AFA7B97BBFDD}"
EndProject
Project("{FAE04EC0-301F-11D3-BF4B-00C04F79EFBC}") = "NGS.DatabasePersistence.Interface", "Database\NGS.DatabasePersistence.Interface\NGS.DatabasePersistence.Interface.csproj", "{2A96E16E-4398-4316-8637-54C0E0EA13ED}"
EndProject
Project("{FAE04EC0-301F-11D3-BF4B-00C04F79EFBC}") = "NGS.DatabasePersistence.Postgres", "Database\NGS.DatabasePersistence.Postgres\NGS.DatabasePersistence.Postgres.csproj", "{6BEE583B-B4CE-489B-A5D3-6EAF071438CC}"
EndProject
Project("{FAE04EC0-301F-11D3-BF4B-00C04F79EFBC}") = "NGS.DomainPatterns.Interface", "Domain\NGS.DomainPatterns.Interface\NGS.DomainPatterns.Interface.csproj", "{1BC1AA42-67B6-4EFD-B717-2AB6FEB981B8}"
EndProject
Project("{FAE04EC0-301F-11D3-BF4B-00C04F79EFBC}") = "NGS.DomainPatterns", "Domain\NGS.DomainPatterns\NGS.DomainPatterns.csproj", "{FB2B66D2-AA50-4552-9F0E-56F51369E651}"
EndProject
Project("{FAE04EC0-301F-11D3-BF4B-00C04F79EFBC}") = "Revenj.Processing.Interface", "Server\Revenj.Processing.Interface\Revenj.Processing.Interface.csproj", "{721E3056-0F68-4874-B5E0-0B0223ECC4D7}"
EndProject
Project("{FAE04EC0-301F-11D3-BF4B-00C04F79EFBC}") = "Revenj.Processing", "Server\Revenj.Processing\Revenj.Processing.csproj", "{186DA9E7-5A90-4E10-90D3-C8080265EA70}"
EndProject
Project("{FAE04EC0-301F-11D3-BF4B-00C04F79EFBC}") = "Revenj.Plugins.Server.Commands", "Plugins\Revenj.Plugins.Server.Commands\Revenj.Plugins.Server.Commands.csproj", "{D71A0FE0-0D80-48D2-B8F4-094DED490179}"
EndProject
Project("{FAE04EC0-301F-11D3-BF4B-00C04F79EFBC}") = "NGS.Serialization.Interface", "Core\NGS.Serialization.Interface\NGS.Serialization.Interface.csproj", "{9C4534E8-B8EB-44F6-A759-C752F0DEA675}"
EndProject
Project("{FAE04EC0-301F-11D3-BF4B-00C04F79EFBC}") = "NGS.Plugins.DatabasePersistence.Postgres", "Plugins\NGS.Plugins.DatabasePersistence.Postgres\NGS.Plugins.DatabasePersistence.Postgres.csproj", "{8E943C88-AF40-4836-A8F6-681668514C83}"
EndProject
Project("{FAE04EC0-301F-11D3-BF4B-00C04F79EFBC}") = "NGS.Logging.Interface", "Core\NGS.Logging.Interface\NGS.Logging.Interface.csproj", "{E4040A4F-0730-4784-AA6C-E3A950AA9A4B}"
EndProject
Project("{FAE04EC0-301F-11D3-BF4B-00C04F79EFBC}") = "NGS.Logging.NLog", "Core\NGS.Logging.NLog\NGS.Logging.NLog.csproj", "{58330196-87BC-4A8A-AECA-67B1873A4E1F}"
EndProject
Project("{FAE04EC0-301F-11D3-BF4B-00C04F79EFBC}") = "NGS.Utility", "Core\NGS.Utility\NGS.Utility.csproj", "{0058C57F-1D45-408B-B681-336889B0111E}"
EndProject
Project("{FAE04EC0-301F-11D3-BF4B-00C04F79EFBC}") = "NGS.Security.Interface", "Core\NGS.Security.Interface\NGS.Security.Interface.csproj", "{6745FC14-607B-440B-AF83-19C460695C10}"
EndProject
Project("{FAE04EC0-301F-11D3-BF4B-00C04F79EFBC}") = "NGS.Security", "Core\NGS.Security\NGS.Security.csproj", "{9487C1B1-BFF0-48FD-90EC-C5D7093776D9}"
EndProject
Project("{FAE04EC0-301F-11D3-BF4B-00C04F79EFBC}") = "NGS.Serialization", "Core\NGS.Serialization\NGS.Serialization.csproj", "{C4F76672-980C-4368-A73A-65288A06A263}"
EndProject
Project("{2150E333-8FDC-42A3-9474-1A3956D46DE8}") = "Features", "Features", "{5304F374-4E2F-49A4-8506-4E33FF86C526}"
EndProject
Project("{FAE04EC0-301F-11D3-BF4B-00C04F79EFBC}") = "NGS.Features.Mailer", "Features\NGS.Features.Mailer\NGS.Features.Mailer.csproj", "{1F7D1B31-5726-4D1B-B03D-449C2026D879}"
EndProject
Project("{FAE04EC0-301F-11D3-BF4B-00C04F79EFBC}") = "Revenj.Plugins.Rest.Commands", "Plugins\Revenj.Plugins.Rest.Commands\Revenj.Plugins.Rest.Commands.csproj", "{C06DA32E-8685-4D7A-806F-8A95E85C13EA}"
EndProject
Project("{FAE04EC0-301F-11D3-BF4B-00C04F79EFBC}") = "Revenj.Api.Interface", "Server\Revenj.Api.Interface\Revenj.Api.Interface.csproj", "{7DACDADE-BA4D-4950-AA99-DF9CC9A5619E}"
EndProject
Project("{FAE04EC0-301F-11D3-BF4B-00C04F79EFBC}") = "Revenj.Wcf", "Server\Revenj.Wcf\Revenj.Wcf.csproj", "{30CDA3F6-A7A1-499B-B209-118079235744}"
	ProjectSection(ProjectDependencies) = postProject
		{7AFCA200-73CC-4C4D-8815-C512448118D2} = {7AFCA200-73CC-4C4D-8815-C512448118D2}
		{D60AB12C-6F49-438B-AE0A-E77141492740} = {D60AB12C-6F49-438B-AE0A-E77141492740}
		{C06DA32E-8685-4D7A-806F-8A95E85C13EA} = {C06DA32E-8685-4D7A-806F-8A95E85C13EA}
		{1F7D1B31-5726-4D1B-B03D-449C2026D879} = {1F7D1B31-5726-4D1B-B03D-449C2026D879}
		{8E943C88-AF40-4836-A8F6-681668514C83} = {8E943C88-AF40-4836-A8F6-681668514C83}
		{7A17AEAA-DD17-4D57-ACD9-B74A450D9E39} = {7A17AEAA-DD17-4D57-ACD9-B74A450D9E39}
		{D8A96FAF-B87E-4B6E-9A3E-BBE567F23C50} = {D8A96FAF-B87E-4B6E-9A3E-BBE567F23C50}
		{D71A0FE0-0D80-48D2-B8F4-094DED490179} = {D71A0FE0-0D80-48D2-B8F4-094DED490179}
	EndProjectSection
EndProject
Project("{FAE04EC0-301F-11D3-BF4B-00C04F79EFBC}") = "NGS.Features.Storage", "Features\NGS.Features.Storage\NGS.Features.Storage.csproj", "{D8A96FAF-B87E-4B6E-9A3E-BBE567F23C50}"
EndProject
Project("{FAE04EC0-301F-11D3-BF4B-00C04F79EFBC}") = "NGS.DatabasePersistence.Oracle", "Database\NGS.DatabasePersistence.Oracle\NGS.DatabasePersistence.Oracle.csproj", "{7AFCA200-73CC-4C4D-8815-C512448118D2}"
EndProject
Project("{FAE04EC0-301F-11D3-BF4B-00C04F79EFBC}") = "Revenj.WindowsService", "Server\Revenj.WindowsService\Revenj.WindowsService.csproj", "{C88E9BC2-4058-4313-97D1-B2AC5DB2B599}"
	ProjectSection(ProjectDependencies) = postProject
		{1F7D1B31-5726-4D1B-B03D-449C2026D879} = {1F7D1B31-5726-4D1B-B03D-449C2026D879}
	EndProjectSection
EndProject
Project("{FAE04EC0-301F-11D3-BF4B-00C04F79EFBC}") = "NGS.Plugins.DatabasePersistence.Oracle", "Plugins\NGS.Plugins.DatabasePersistence.Oracle\NGS.Plugins.DatabasePersistence.Oracle.csproj", "{D60AB12C-6F49-438B-AE0A-E77141492740}"
EndProject
Project("{FAE04EC0-301F-11D3-BF4B-00C04F79EFBC}") = "Revenj.Http", "Server\Revenj.Http\Revenj.Http.csproj", "{6AD42C2E-99E1-4F28-9B59-7B404C37B0A8}"
	ProjectSection(ProjectDependencies) = postProject
		{7AFCA200-73CC-4C4D-8815-C512448118D2} = {7AFCA200-73CC-4C4D-8815-C512448118D2}
		{D60AB12C-6F49-438B-AE0A-E77141492740} = {D60AB12C-6F49-438B-AE0A-E77141492740}
		{C06DA32E-8685-4D7A-806F-8A95E85C13EA} = {C06DA32E-8685-4D7A-806F-8A95E85C13EA}
		{1F7D1B31-5726-4D1B-B03D-449C2026D879} = {1F7D1B31-5726-4D1B-B03D-449C2026D879}
		{8E943C88-AF40-4836-A8F6-681668514C83} = {8E943C88-AF40-4836-A8F6-681668514C83}
		{7A17AEAA-DD17-4D57-ACD9-B74A450D9E39} = {7A17AEAA-DD17-4D57-ACD9-B74A450D9E39}
		{D8A96FAF-B87E-4B6E-9A3E-BBE567F23C50} = {D8A96FAF-B87E-4B6E-9A3E-BBE567F23C50}
		{D71A0FE0-0D80-48D2-B8F4-094DED490179} = {D71A0FE0-0D80-48D2-B8F4-094DED490179}
	EndProjectSection
EndProject
Project("{FAE04EC0-301F-11D3-BF4B-00C04F79EFBC}") = "Revenj.SignalRWeb", "Server\Revenj.SignalRWeb\Revenj.SignalRWeb.csproj", "{BE167D36-C083-495C-A633-3ED999E4674F}"
EndProject
Project("{FAE04EC0-301F-11D3-BF4B-00C04F79EFBC}") = "Revenj.Features.RestCache", "Features\Revenj.Features.RestCache\Revenj.Features.RestCache.csproj", "{7A17AEAA-DD17-4D57-ACD9-B74A450D9E39}"
EndProject
Project("{FAE04EC0-301F-11D3-BF4B-00C04F79EFBC}") = "Revenj.Core", "Server\Revenj.Core\Revenj.Core.csproj", "{A01BD986-6602-44CF-B27B-1370E9BF7CF8}"
EndProject
Project("{FAE04EC0-301F-11D3-BF4B-00C04F79EFBC}") = "Revenj.Plugins.Aspects", "Plugins\Revenj.Plugins.Aspects\Revenj.Plugins.Aspects.csproj", "{B0AD684D-54FD-4C20-8036-3AF0062956B3}"
EndProject
Global
	GlobalSection(SolutionConfigurationPlatforms) = preSolution
		Debug|Any CPU = Debug|Any CPU
		Debug|Mixed Platforms = Debug|Mixed Platforms
		Debug|x86 = Debug|x86
		Mono|Any CPU = Mono|Any CPU
		Mono|Mixed Platforms = Mono|Mixed Platforms
		Mono|x86 = Mono|x86
		Release|Any CPU = Release|Any CPU
		Release|Mixed Platforms = Release|Mixed Platforms
		Release|x86 = Release|x86
	EndGlobalSection
	GlobalSection(ProjectConfigurationPlatforms) = postSolution
		{3BCE35A8-8B3D-4611-B8AB-D524EA4D7908}.Debug|Any CPU.ActiveCfg = Debug|Any CPU
		{3BCE35A8-8B3D-4611-B8AB-D524EA4D7908}.Debug|Any CPU.Build.0 = Debug|Any CPU
		{3BCE35A8-8B3D-4611-B8AB-D524EA4D7908}.Debug|Mixed Platforms.ActiveCfg = Debug|Any CPU
		{3BCE35A8-8B3D-4611-B8AB-D524EA4D7908}.Debug|Mixed Platforms.Build.0 = Debug|Any CPU
		{3BCE35A8-8B3D-4611-B8AB-D524EA4D7908}.Debug|x86.ActiveCfg = Debug|Any CPU
		{3BCE35A8-8B3D-4611-B8AB-D524EA4D7908}.Mono|Any CPU.ActiveCfg = Mono|Any CPU
		{3BCE35A8-8B3D-4611-B8AB-D524EA4D7908}.Mono|Any CPU.Build.0 = Mono|Any CPU
		{3BCE35A8-8B3D-4611-B8AB-D524EA4D7908}.Mono|Mixed Platforms.ActiveCfg = Mono|Any CPU
		{3BCE35A8-8B3D-4611-B8AB-D524EA4D7908}.Mono|Mixed Platforms.Build.0 = Mono|Any CPU
		{3BCE35A8-8B3D-4611-B8AB-D524EA4D7908}.Mono|x86.ActiveCfg = Mono|Any CPU
		{3BCE35A8-8B3D-4611-B8AB-D524EA4D7908}.Release|Any CPU.ActiveCfg = Release|Any CPU
		{3BCE35A8-8B3D-4611-B8AB-D524EA4D7908}.Release|Any CPU.Build.0 = Release|Any CPU
		{3BCE35A8-8B3D-4611-B8AB-D524EA4D7908}.Release|Mixed Platforms.ActiveCfg = Release|Any CPU
		{3BCE35A8-8B3D-4611-B8AB-D524EA4D7908}.Release|Mixed Platforms.Build.0 = Release|Any CPU
		{3BCE35A8-8B3D-4611-B8AB-D524EA4D7908}.Release|x86.ActiveCfg = Release|Any CPU
		{E7DE330D-1E7C-486E-BAE6-222B87256408}.Debug|Any CPU.ActiveCfg = Debug|Any CPU
		{E7DE330D-1E7C-486E-BAE6-222B87256408}.Debug|Any CPU.Build.0 = Debug|Any CPU
		{E7DE330D-1E7C-486E-BAE6-222B87256408}.Debug|Mixed Platforms.ActiveCfg = Debug|Any CPU
		{E7DE330D-1E7C-486E-BAE6-222B87256408}.Debug|Mixed Platforms.Build.0 = Debug|Any CPU
		{E7DE330D-1E7C-486E-BAE6-222B87256408}.Debug|x86.ActiveCfg = Debug|Any CPU
		{E7DE330D-1E7C-486E-BAE6-222B87256408}.Mono|Any CPU.ActiveCfg = Mono|Any CPU
		{E7DE330D-1E7C-486E-BAE6-222B87256408}.Mono|Any CPU.Build.0 = Mono|Any CPU
		{E7DE330D-1E7C-486E-BAE6-222B87256408}.Mono|Mixed Platforms.ActiveCfg = Mono|Any CPU
		{E7DE330D-1E7C-486E-BAE6-222B87256408}.Mono|Mixed Platforms.Build.0 = Mono|Any CPU
		{E7DE330D-1E7C-486E-BAE6-222B87256408}.Mono|x86.ActiveCfg = Mono|Any CPU
		{E7DE330D-1E7C-486E-BAE6-222B87256408}.Release|Any CPU.ActiveCfg = Release|Any CPU
		{E7DE330D-1E7C-486E-BAE6-222B87256408}.Release|Any CPU.Build.0 = Release|Any CPU
		{E7DE330D-1E7C-486E-BAE6-222B87256408}.Release|Mixed Platforms.ActiveCfg = Release|Any CPU
		{E7DE330D-1E7C-486E-BAE6-222B87256408}.Release|Mixed Platforms.Build.0 = Release|Any CPU
		{E7DE330D-1E7C-486E-BAE6-222B87256408}.Release|x86.ActiveCfg = Release|Any CPU
		{00DAFAB8-31C5-4DC6-A4A8-AFA7B97BBFDD}.Debug|Any CPU.ActiveCfg = Debug|Any CPU
		{00DAFAB8-31C5-4DC6-A4A8-AFA7B97BBFDD}.Debug|Any CPU.Build.0 = Debug|Any CPU
		{00DAFAB8-31C5-4DC6-A4A8-AFA7B97BBFDD}.Debug|Mixed Platforms.ActiveCfg = Debug|Any CPU
		{00DAFAB8-31C5-4DC6-A4A8-AFA7B97BBFDD}.Debug|Mixed Platforms.Build.0 = Debug|Any CPU
		{00DAFAB8-31C5-4DC6-A4A8-AFA7B97BBFDD}.Debug|x86.ActiveCfg = Debug|Any CPU
		{00DAFAB8-31C5-4DC6-A4A8-AFA7B97BBFDD}.Mono|Any CPU.ActiveCfg = Mono|Any CPU
		{00DAFAB8-31C5-4DC6-A4A8-AFA7B97BBFDD}.Mono|Any CPU.Build.0 = Mono|Any CPU
		{00DAFAB8-31C5-4DC6-A4A8-AFA7B97BBFDD}.Mono|Mixed Platforms.ActiveCfg = Mono|Any CPU
		{00DAFAB8-31C5-4DC6-A4A8-AFA7B97BBFDD}.Mono|Mixed Platforms.Build.0 = Mono|Any CPU
		{00DAFAB8-31C5-4DC6-A4A8-AFA7B97BBFDD}.Mono|x86.ActiveCfg = Mono|Any CPU
		{00DAFAB8-31C5-4DC6-A4A8-AFA7B97BBFDD}.Release|Any CPU.ActiveCfg = Release|Any CPU
		{00DAFAB8-31C5-4DC6-A4A8-AFA7B97BBFDD}.Release|Any CPU.Build.0 = Release|Any CPU
		{00DAFAB8-31C5-4DC6-A4A8-AFA7B97BBFDD}.Release|Mixed Platforms.ActiveCfg = Release|Any CPU
		{00DAFAB8-31C5-4DC6-A4A8-AFA7B97BBFDD}.Release|Mixed Platforms.Build.0 = Release|Any CPU
		{00DAFAB8-31C5-4DC6-A4A8-AFA7B97BBFDD}.Release|x86.ActiveCfg = Release|Any CPU
		{2A96E16E-4398-4316-8637-54C0E0EA13ED}.Debug|Any CPU.ActiveCfg = Debug|Any CPU
		{2A96E16E-4398-4316-8637-54C0E0EA13ED}.Debug|Any CPU.Build.0 = Debug|Any CPU
		{2A96E16E-4398-4316-8637-54C0E0EA13ED}.Debug|Mixed Platforms.ActiveCfg = Debug|Any CPU
		{2A96E16E-4398-4316-8637-54C0E0EA13ED}.Debug|Mixed Platforms.Build.0 = Debug|Any CPU
		{2A96E16E-4398-4316-8637-54C0E0EA13ED}.Debug|x86.ActiveCfg = Debug|Any CPU
		{2A96E16E-4398-4316-8637-54C0E0EA13ED}.Mono|Any CPU.ActiveCfg = Mono|Any CPU
		{2A96E16E-4398-4316-8637-54C0E0EA13ED}.Mono|Any CPU.Build.0 = Mono|Any CPU
		{2A96E16E-4398-4316-8637-54C0E0EA13ED}.Mono|Mixed Platforms.ActiveCfg = Mono|Any CPU
		{2A96E16E-4398-4316-8637-54C0E0EA13ED}.Mono|Mixed Platforms.Build.0 = Mono|Any CPU
		{2A96E16E-4398-4316-8637-54C0E0EA13ED}.Mono|x86.ActiveCfg = Mono|Any CPU
		{2A96E16E-4398-4316-8637-54C0E0EA13ED}.Release|Any CPU.ActiveCfg = Release|Any CPU
		{2A96E16E-4398-4316-8637-54C0E0EA13ED}.Release|Any CPU.Build.0 = Release|Any CPU
		{2A96E16E-4398-4316-8637-54C0E0EA13ED}.Release|Mixed Platforms.ActiveCfg = Release|Any CPU
		{2A96E16E-4398-4316-8637-54C0E0EA13ED}.Release|Mixed Platforms.Build.0 = Release|Any CPU
		{2A96E16E-4398-4316-8637-54C0E0EA13ED}.Release|x86.ActiveCfg = Release|Any CPU
		{6BEE583B-B4CE-489B-A5D3-6EAF071438CC}.Debug|Any CPU.ActiveCfg = Debug|Any CPU
		{6BEE583B-B4CE-489B-A5D3-6EAF071438CC}.Debug|Any CPU.Build.0 = Debug|Any CPU
		{6BEE583B-B4CE-489B-A5D3-6EAF071438CC}.Debug|Mixed Platforms.ActiveCfg = Debug|Any CPU
		{6BEE583B-B4CE-489B-A5D3-6EAF071438CC}.Debug|Mixed Platforms.Build.0 = Debug|Any CPU
		{6BEE583B-B4CE-489B-A5D3-6EAF071438CC}.Debug|x86.ActiveCfg = Debug|Any CPU
		{6BEE583B-B4CE-489B-A5D3-6EAF071438CC}.Mono|Any CPU.ActiveCfg = Mono|Any CPU
		{6BEE583B-B4CE-489B-A5D3-6EAF071438CC}.Mono|Any CPU.Build.0 = Mono|Any CPU
		{6BEE583B-B4CE-489B-A5D3-6EAF071438CC}.Mono|Mixed Platforms.ActiveCfg = Mono|Any CPU
		{6BEE583B-B4CE-489B-A5D3-6EAF071438CC}.Mono|Mixed Platforms.Build.0 = Mono|Any CPU
		{6BEE583B-B4CE-489B-A5D3-6EAF071438CC}.Mono|x86.ActiveCfg = Mono|Any CPU
		{6BEE583B-B4CE-489B-A5D3-6EAF071438CC}.Release|Any CPU.ActiveCfg = Release|Any CPU
		{6BEE583B-B4CE-489B-A5D3-6EAF071438CC}.Release|Any CPU.Build.0 = Release|Any CPU
		{6BEE583B-B4CE-489B-A5D3-6EAF071438CC}.Release|Mixed Platforms.ActiveCfg = Release|Any CPU
		{6BEE583B-B4CE-489B-A5D3-6EAF071438CC}.Release|Mixed Platforms.Build.0 = Release|Any CPU
		{6BEE583B-B4CE-489B-A5D3-6EAF071438CC}.Release|x86.ActiveCfg = Release|Any CPU
		{1BC1AA42-67B6-4EFD-B717-2AB6FEB981B8}.Debug|Any CPU.ActiveCfg = Debug|Any CPU
		{1BC1AA42-67B6-4EFD-B717-2AB6FEB981B8}.Debug|Any CPU.Build.0 = Debug|Any CPU
		{1BC1AA42-67B6-4EFD-B717-2AB6FEB981B8}.Debug|Mixed Platforms.ActiveCfg = Debug|Any CPU
		{1BC1AA42-67B6-4EFD-B717-2AB6FEB981B8}.Debug|Mixed Platforms.Build.0 = Debug|Any CPU
		{1BC1AA42-67B6-4EFD-B717-2AB6FEB981B8}.Debug|x86.ActiveCfg = Debug|Any CPU
		{1BC1AA42-67B6-4EFD-B717-2AB6FEB981B8}.Mono|Any CPU.ActiveCfg = Mono|Any CPU
		{1BC1AA42-67B6-4EFD-B717-2AB6FEB981B8}.Mono|Any CPU.Build.0 = Mono|Any CPU
		{1BC1AA42-67B6-4EFD-B717-2AB6FEB981B8}.Mono|Mixed Platforms.ActiveCfg = Mono|Any CPU
		{1BC1AA42-67B6-4EFD-B717-2AB6FEB981B8}.Mono|Mixed Platforms.Build.0 = Mono|Any CPU
		{1BC1AA42-67B6-4EFD-B717-2AB6FEB981B8}.Mono|x86.ActiveCfg = Mono|Any CPU
		{1BC1AA42-67B6-4EFD-B717-2AB6FEB981B8}.Release|Any CPU.ActiveCfg = Release|Any CPU
		{1BC1AA42-67B6-4EFD-B717-2AB6FEB981B8}.Release|Any CPU.Build.0 = Release|Any CPU
		{1BC1AA42-67B6-4EFD-B717-2AB6FEB981B8}.Release|Mixed Platforms.ActiveCfg = Release|Any CPU
		{1BC1AA42-67B6-4EFD-B717-2AB6FEB981B8}.Release|Mixed Platforms.Build.0 = Release|Any CPU
		{1BC1AA42-67B6-4EFD-B717-2AB6FEB981B8}.Release|x86.ActiveCfg = Release|Any CPU
		{FB2B66D2-AA50-4552-9F0E-56F51369E651}.Debug|Any CPU.ActiveCfg = Debug|Any CPU
		{FB2B66D2-AA50-4552-9F0E-56F51369E651}.Debug|Any CPU.Build.0 = Debug|Any CPU
		{FB2B66D2-AA50-4552-9F0E-56F51369E651}.Debug|Mixed Platforms.ActiveCfg = Debug|Any CPU
		{FB2B66D2-AA50-4552-9F0E-56F51369E651}.Debug|Mixed Platforms.Build.0 = Debug|Any CPU
		{FB2B66D2-AA50-4552-9F0E-56F51369E651}.Debug|x86.ActiveCfg = Debug|Any CPU
		{FB2B66D2-AA50-4552-9F0E-56F51369E651}.Mono|Any CPU.ActiveCfg = Mono|Any CPU
		{FB2B66D2-AA50-4552-9F0E-56F51369E651}.Mono|Any CPU.Build.0 = Mono|Any CPU
		{FB2B66D2-AA50-4552-9F0E-56F51369E651}.Mono|Mixed Platforms.ActiveCfg = Mono|Any CPU
		{FB2B66D2-AA50-4552-9F0E-56F51369E651}.Mono|Mixed Platforms.Build.0 = Mono|Any CPU
		{FB2B66D2-AA50-4552-9F0E-56F51369E651}.Mono|x86.ActiveCfg = Mono|Any CPU
		{FB2B66D2-AA50-4552-9F0E-56F51369E651}.Release|Any CPU.ActiveCfg = Release|Any CPU
		{FB2B66D2-AA50-4552-9F0E-56F51369E651}.Release|Any CPU.Build.0 = Release|Any CPU
		{FB2B66D2-AA50-4552-9F0E-56F51369E651}.Release|Mixed Platforms.ActiveCfg = Release|Any CPU
		{FB2B66D2-AA50-4552-9F0E-56F51369E651}.Release|Mixed Platforms.Build.0 = Release|Any CPU
		{FB2B66D2-AA50-4552-9F0E-56F51369E651}.Release|x86.ActiveCfg = Release|Any CPU
		{721E3056-0F68-4874-B5E0-0B0223ECC4D7}.Debug|Any CPU.ActiveCfg = Debug|Any CPU
		{721E3056-0F68-4874-B5E0-0B0223ECC4D7}.Debug|Any CPU.Build.0 = Debug|Any CPU
		{721E3056-0F68-4874-B5E0-0B0223ECC4D7}.Debug|Mixed Platforms.ActiveCfg = Debug|Any CPU
		{721E3056-0F68-4874-B5E0-0B0223ECC4D7}.Debug|Mixed Platforms.Build.0 = Debug|Any CPU
		{721E3056-0F68-4874-B5E0-0B0223ECC4D7}.Debug|x86.ActiveCfg = Debug|Any CPU
		{721E3056-0F68-4874-B5E0-0B0223ECC4D7}.Mono|Any CPU.ActiveCfg = Mono|Any CPU
		{721E3056-0F68-4874-B5E0-0B0223ECC4D7}.Mono|Any CPU.Build.0 = Mono|Any CPU
		{721E3056-0F68-4874-B5E0-0B0223ECC4D7}.Mono|Mixed Platforms.ActiveCfg = Mono|Any CPU
		{721E3056-0F68-4874-B5E0-0B0223ECC4D7}.Mono|Mixed Platforms.Build.0 = Mono|Any CPU
		{721E3056-0F68-4874-B5E0-0B0223ECC4D7}.Mono|x86.ActiveCfg = Mono|Any CPU
		{721E3056-0F68-4874-B5E0-0B0223ECC4D7}.Release|Any CPU.ActiveCfg = Release|Any CPU
		{721E3056-0F68-4874-B5E0-0B0223ECC4D7}.Release|Any CPU.Build.0 = Release|Any CPU
		{721E3056-0F68-4874-B5E0-0B0223ECC4D7}.Release|Mixed Platforms.ActiveCfg = Release|Any CPU
		{721E3056-0F68-4874-B5E0-0B0223ECC4D7}.Release|Mixed Platforms.Build.0 = Release|Any CPU
		{721E3056-0F68-4874-B5E0-0B0223ECC4D7}.Release|x86.ActiveCfg = Release|Any CPU
		{186DA9E7-5A90-4E10-90D3-C8080265EA70}.Debug|Any CPU.ActiveCfg = Debug|Any CPU
		{186DA9E7-5A90-4E10-90D3-C8080265EA70}.Debug|Any CPU.Build.0 = Debug|Any CPU
		{186DA9E7-5A90-4E10-90D3-C8080265EA70}.Debug|Mixed Platforms.ActiveCfg = Debug|Any CPU
		{186DA9E7-5A90-4E10-90D3-C8080265EA70}.Debug|Mixed Platforms.Build.0 = Debug|Any CPU
		{186DA9E7-5A90-4E10-90D3-C8080265EA70}.Debug|x86.ActiveCfg = Debug|Any CPU
		{186DA9E7-5A90-4E10-90D3-C8080265EA70}.Mono|Any CPU.ActiveCfg = Mono|Any CPU
		{186DA9E7-5A90-4E10-90D3-C8080265EA70}.Mono|Any CPU.Build.0 = Mono|Any CPU
		{186DA9E7-5A90-4E10-90D3-C8080265EA70}.Mono|Mixed Platforms.ActiveCfg = Mono|Any CPU
		{186DA9E7-5A90-4E10-90D3-C8080265EA70}.Mono|Mixed Platforms.Build.0 = Mono|Any CPU
		{186DA9E7-5A90-4E10-90D3-C8080265EA70}.Mono|x86.ActiveCfg = Mono|Any CPU
		{186DA9E7-5A90-4E10-90D3-C8080265EA70}.Release|Any CPU.ActiveCfg = Release|Any CPU
		{186DA9E7-5A90-4E10-90D3-C8080265EA70}.Release|Any CPU.Build.0 = Release|Any CPU
		{186DA9E7-5A90-4E10-90D3-C8080265EA70}.Release|Mixed Platforms.ActiveCfg = Release|Any CPU
		{186DA9E7-5A90-4E10-90D3-C8080265EA70}.Release|Mixed Platforms.Build.0 = Release|Any CPU
		{186DA9E7-5A90-4E10-90D3-C8080265EA70}.Release|x86.ActiveCfg = Release|Any CPU
		{D71A0FE0-0D80-48D2-B8F4-094DED490179}.Debug|Any CPU.ActiveCfg = Debug|Any CPU
		{D71A0FE0-0D80-48D2-B8F4-094DED490179}.Debug|Any CPU.Build.0 = Debug|Any CPU
		{D71A0FE0-0D80-48D2-B8F4-094DED490179}.Debug|Mixed Platforms.ActiveCfg = Debug|Any CPU
		{D71A0FE0-0D80-48D2-B8F4-094DED490179}.Debug|Mixed Platforms.Build.0 = Debug|Any CPU
		{D71A0FE0-0D80-48D2-B8F4-094DED490179}.Debug|x86.ActiveCfg = Debug|Any CPU
		{D71A0FE0-0D80-48D2-B8F4-094DED490179}.Mono|Any CPU.ActiveCfg = Mono|Any CPU
		{D71A0FE0-0D80-48D2-B8F4-094DED490179}.Mono|Any CPU.Build.0 = Mono|Any CPU
		{D71A0FE0-0D80-48D2-B8F4-094DED490179}.Mono|Mixed Platforms.ActiveCfg = Mono|Any CPU
		{D71A0FE0-0D80-48D2-B8F4-094DED490179}.Mono|Mixed Platforms.Build.0 = Mono|Any CPU
		{D71A0FE0-0D80-48D2-B8F4-094DED490179}.Mono|x86.ActiveCfg = Mono|Any CPU
		{D71A0FE0-0D80-48D2-B8F4-094DED490179}.Release|Any CPU.ActiveCfg = Release|Any CPU
		{D71A0FE0-0D80-48D2-B8F4-094DED490179}.Release|Any CPU.Build.0 = Release|Any CPU
		{D71A0FE0-0D80-48D2-B8F4-094DED490179}.Release|Mixed Platforms.ActiveCfg = Release|Any CPU
		{D71A0FE0-0D80-48D2-B8F4-094DED490179}.Release|Mixed Platforms.Build.0 = Release|Any CPU
		{D71A0FE0-0D80-48D2-B8F4-094DED490179}.Release|x86.ActiveCfg = Release|Any CPU
		{9C4534E8-B8EB-44F6-A759-C752F0DEA675}.Debug|Any CPU.ActiveCfg = Debug|Any CPU
		{9C4534E8-B8EB-44F6-A759-C752F0DEA675}.Debug|Any CPU.Build.0 = Debug|Any CPU
		{9C4534E8-B8EB-44F6-A759-C752F0DEA675}.Debug|Mixed Platforms.ActiveCfg = Debug|Any CPU
		{9C4534E8-B8EB-44F6-A759-C752F0DEA675}.Debug|Mixed Platforms.Build.0 = Debug|Any CPU
		{9C4534E8-B8EB-44F6-A759-C752F0DEA675}.Debug|x86.ActiveCfg = Debug|Any CPU
		{9C4534E8-B8EB-44F6-A759-C752F0DEA675}.Mono|Any CPU.ActiveCfg = Mono|Any CPU
		{9C4534E8-B8EB-44F6-A759-C752F0DEA675}.Mono|Any CPU.Build.0 = Mono|Any CPU
		{9C4534E8-B8EB-44F6-A759-C752F0DEA675}.Mono|Mixed Platforms.ActiveCfg = Mono|Any CPU
		{9C4534E8-B8EB-44F6-A759-C752F0DEA675}.Mono|Mixed Platforms.Build.0 = Mono|Any CPU
		{9C4534E8-B8EB-44F6-A759-C752F0DEA675}.Mono|x86.ActiveCfg = Mono|Any CPU
		{9C4534E8-B8EB-44F6-A759-C752F0DEA675}.Release|Any CPU.ActiveCfg = Release|Any CPU
		{9C4534E8-B8EB-44F6-A759-C752F0DEA675}.Release|Any CPU.Build.0 = Release|Any CPU
		{9C4534E8-B8EB-44F6-A759-C752F0DEA675}.Release|Mixed Platforms.ActiveCfg = Release|Any CPU
		{9C4534E8-B8EB-44F6-A759-C752F0DEA675}.Release|Mixed Platforms.Build.0 = Release|Any CPU
		{9C4534E8-B8EB-44F6-A759-C752F0DEA675}.Release|x86.ActiveCfg = Release|Any CPU
		{8E943C88-AF40-4836-A8F6-681668514C83}.Debug|Any CPU.ActiveCfg = Debug|Any CPU
		{8E943C88-AF40-4836-A8F6-681668514C83}.Debug|Any CPU.Build.0 = Debug|Any CPU
		{8E943C88-AF40-4836-A8F6-681668514C83}.Debug|Mixed Platforms.ActiveCfg = Debug|Any CPU
		{8E943C88-AF40-4836-A8F6-681668514C83}.Debug|Mixed Platforms.Build.0 = Debug|Any CPU
		{8E943C88-AF40-4836-A8F6-681668514C83}.Debug|x86.ActiveCfg = Debug|Any CPU
		{8E943C88-AF40-4836-A8F6-681668514C83}.Mono|Any CPU.ActiveCfg = Mono|Any CPU
		{8E943C88-AF40-4836-A8F6-681668514C83}.Mono|Any CPU.Build.0 = Mono|Any CPU
		{8E943C88-AF40-4836-A8F6-681668514C83}.Mono|Mixed Platforms.ActiveCfg = Mono|Any CPU
		{8E943C88-AF40-4836-A8F6-681668514C83}.Mono|Mixed Platforms.Build.0 = Mono|Any CPU
		{8E943C88-AF40-4836-A8F6-681668514C83}.Mono|x86.ActiveCfg = Mono|Any CPU
		{8E943C88-AF40-4836-A8F6-681668514C83}.Release|Any CPU.ActiveCfg = Release|Any CPU
		{8E943C88-AF40-4836-A8F6-681668514C83}.Release|Any CPU.Build.0 = Release|Any CPU
		{8E943C88-AF40-4836-A8F6-681668514C83}.Release|Mixed Platforms.ActiveCfg = Release|Any CPU
		{8E943C88-AF40-4836-A8F6-681668514C83}.Release|Mixed Platforms.Build.0 = Release|Any CPU
		{8E943C88-AF40-4836-A8F6-681668514C83}.Release|x86.ActiveCfg = Release|Any CPU
		{E4040A4F-0730-4784-AA6C-E3A950AA9A4B}.Debug|Any CPU.ActiveCfg = Debug|Any CPU
		{E4040A4F-0730-4784-AA6C-E3A950AA9A4B}.Debug|Any CPU.Build.0 = Debug|Any CPU
		{E4040A4F-0730-4784-AA6C-E3A950AA9A4B}.Debug|Mixed Platforms.ActiveCfg = Debug|Any CPU
		{E4040A4F-0730-4784-AA6C-E3A950AA9A4B}.Debug|Mixed Platforms.Build.0 = Debug|Any CPU
		{E4040A4F-0730-4784-AA6C-E3A950AA9A4B}.Debug|x86.ActiveCfg = Debug|Any CPU
		{E4040A4F-0730-4784-AA6C-E3A950AA9A4B}.Mono|Any CPU.ActiveCfg = Mono|Any CPU
		{E4040A4F-0730-4784-AA6C-E3A950AA9A4B}.Mono|Any CPU.Build.0 = Mono|Any CPU
		{E4040A4F-0730-4784-AA6C-E3A950AA9A4B}.Mono|Mixed Platforms.ActiveCfg = Mono|Any CPU
		{E4040A4F-0730-4784-AA6C-E3A950AA9A4B}.Mono|Mixed Platforms.Build.0 = Mono|Any CPU
		{E4040A4F-0730-4784-AA6C-E3A950AA9A4B}.Mono|x86.ActiveCfg = Mono|Any CPU
		{E4040A4F-0730-4784-AA6C-E3A950AA9A4B}.Release|Any CPU.ActiveCfg = Release|Any CPU
		{E4040A4F-0730-4784-AA6C-E3A950AA9A4B}.Release|Any CPU.Build.0 = Release|Any CPU
		{E4040A4F-0730-4784-AA6C-E3A950AA9A4B}.Release|Mixed Platforms.ActiveCfg = Release|Any CPU
		{E4040A4F-0730-4784-AA6C-E3A950AA9A4B}.Release|Mixed Platforms.Build.0 = Release|Any CPU
		{E4040A4F-0730-4784-AA6C-E3A950AA9A4B}.Release|x86.ActiveCfg = Release|Any CPU
		{58330196-87BC-4A8A-AECA-67B1873A4E1F}.Debug|Any CPU.ActiveCfg = Debug|Any CPU
		{58330196-87BC-4A8A-AECA-67B1873A4E1F}.Debug|Any CPU.Build.0 = Debug|Any CPU
		{58330196-87BC-4A8A-AECA-67B1873A4E1F}.Debug|Mixed Platforms.ActiveCfg = Debug|Any CPU
		{58330196-87BC-4A8A-AECA-67B1873A4E1F}.Debug|Mixed Platforms.Build.0 = Debug|Any CPU
		{58330196-87BC-4A8A-AECA-67B1873A4E1F}.Debug|x86.ActiveCfg = Debug|Any CPU
		{58330196-87BC-4A8A-AECA-67B1873A4E1F}.Mono|Any CPU.ActiveCfg = Mono|Any CPU
		{58330196-87BC-4A8A-AECA-67B1873A4E1F}.Mono|Any CPU.Build.0 = Mono|Any CPU
		{58330196-87BC-4A8A-AECA-67B1873A4E1F}.Mono|Mixed Platforms.ActiveCfg = Mono|Any CPU
		{58330196-87BC-4A8A-AECA-67B1873A4E1F}.Mono|Mixed Platforms.Build.0 = Mono|Any CPU
		{58330196-87BC-4A8A-AECA-67B1873A4E1F}.Mono|x86.ActiveCfg = Mono|Any CPU
		{58330196-87BC-4A8A-AECA-67B1873A4E1F}.Release|Any CPU.ActiveCfg = Release|Any CPU
		{58330196-87BC-4A8A-AECA-67B1873A4E1F}.Release|Any CPU.Build.0 = Release|Any CPU
		{58330196-87BC-4A8A-AECA-67B1873A4E1F}.Release|Mixed Platforms.ActiveCfg = Release|Any CPU
		{58330196-87BC-4A8A-AECA-67B1873A4E1F}.Release|Mixed Platforms.Build.0 = Release|Any CPU
		{58330196-87BC-4A8A-AECA-67B1873A4E1F}.Release|x86.ActiveCfg = Release|Any CPU
		{0058C57F-1D45-408B-B681-336889B0111E}.Debug|Any CPU.ActiveCfg = Debug|Any CPU
		{0058C57F-1D45-408B-B681-336889B0111E}.Debug|Any CPU.Build.0 = Debug|Any CPU
		{0058C57F-1D45-408B-B681-336889B0111E}.Debug|Mixed Platforms.ActiveCfg = Debug|Any CPU
		{0058C57F-1D45-408B-B681-336889B0111E}.Debug|Mixed Platforms.Build.0 = Debug|Any CPU
		{0058C57F-1D45-408B-B681-336889B0111E}.Debug|x86.ActiveCfg = Debug|Any CPU
		{0058C57F-1D45-408B-B681-336889B0111E}.Mono|Any CPU.ActiveCfg = Mono|Any CPU
		{0058C57F-1D45-408B-B681-336889B0111E}.Mono|Any CPU.Build.0 = Mono|Any CPU
		{0058C57F-1D45-408B-B681-336889B0111E}.Mono|Mixed Platforms.ActiveCfg = Mono|Any CPU
		{0058C57F-1D45-408B-B681-336889B0111E}.Mono|Mixed Platforms.Build.0 = Mono|Any CPU
		{0058C57F-1D45-408B-B681-336889B0111E}.Mono|x86.ActiveCfg = Mono|Any CPU
		{0058C57F-1D45-408B-B681-336889B0111E}.Release|Any CPU.ActiveCfg = Release|Any CPU
		{0058C57F-1D45-408B-B681-336889B0111E}.Release|Any CPU.Build.0 = Release|Any CPU
		{0058C57F-1D45-408B-B681-336889B0111E}.Release|Mixed Platforms.ActiveCfg = Release|Any CPU
		{0058C57F-1D45-408B-B681-336889B0111E}.Release|Mixed Platforms.Build.0 = Release|Any CPU
		{0058C57F-1D45-408B-B681-336889B0111E}.Release|x86.ActiveCfg = Release|Any CPU
		{6745FC14-607B-440B-AF83-19C460695C10}.Debug|Any CPU.ActiveCfg = Debug|Any CPU
		{6745FC14-607B-440B-AF83-19C460695C10}.Debug|Any CPU.Build.0 = Debug|Any CPU
		{6745FC14-607B-440B-AF83-19C460695C10}.Debug|Mixed Platforms.ActiveCfg = Debug|Any CPU
		{6745FC14-607B-440B-AF83-19C460695C10}.Debug|Mixed Platforms.Build.0 = Debug|Any CPU
		{6745FC14-607B-440B-AF83-19C460695C10}.Debug|x86.ActiveCfg = Debug|Any CPU
		{6745FC14-607B-440B-AF83-19C460695C10}.Mono|Any CPU.ActiveCfg = Mono|Any CPU
		{6745FC14-607B-440B-AF83-19C460695C10}.Mono|Any CPU.Build.0 = Mono|Any CPU
		{6745FC14-607B-440B-AF83-19C460695C10}.Mono|Mixed Platforms.ActiveCfg = Mono|Any CPU
		{6745FC14-607B-440B-AF83-19C460695C10}.Mono|Mixed Platforms.Build.0 = Mono|Any CPU
		{6745FC14-607B-440B-AF83-19C460695C10}.Mono|x86.ActiveCfg = Mono|Any CPU
		{6745FC14-607B-440B-AF83-19C460695C10}.Release|Any CPU.ActiveCfg = Release|Any CPU
		{6745FC14-607B-440B-AF83-19C460695C10}.Release|Any CPU.Build.0 = Release|Any CPU
		{6745FC14-607B-440B-AF83-19C460695C10}.Release|Mixed Platforms.ActiveCfg = Release|Any CPU
		{6745FC14-607B-440B-AF83-19C460695C10}.Release|Mixed Platforms.Build.0 = Release|Any CPU
		{6745FC14-607B-440B-AF83-19C460695C10}.Release|x86.ActiveCfg = Release|Any CPU
		{9487C1B1-BFF0-48FD-90EC-C5D7093776D9}.Debug|Any CPU.ActiveCfg = Debug|Any CPU
		{9487C1B1-BFF0-48FD-90EC-C5D7093776D9}.Debug|Any CPU.Build.0 = Debug|Any CPU
		{9487C1B1-BFF0-48FD-90EC-C5D7093776D9}.Debug|Mixed Platforms.ActiveCfg = Debug|Any CPU
		{9487C1B1-BFF0-48FD-90EC-C5D7093776D9}.Debug|Mixed Platforms.Build.0 = Debug|Any CPU
		{9487C1B1-BFF0-48FD-90EC-C5D7093776D9}.Debug|x86.ActiveCfg = Debug|Any CPU
		{9487C1B1-BFF0-48FD-90EC-C5D7093776D9}.Mono|Any CPU.ActiveCfg = Mono|Any CPU
		{9487C1B1-BFF0-48FD-90EC-C5D7093776D9}.Mono|Any CPU.Build.0 = Mono|Any CPU
		{9487C1B1-BFF0-48FD-90EC-C5D7093776D9}.Mono|Mixed Platforms.ActiveCfg = Mono|Any CPU
		{9487C1B1-BFF0-48FD-90EC-C5D7093776D9}.Mono|Mixed Platforms.Build.0 = Mono|Any CPU
		{9487C1B1-BFF0-48FD-90EC-C5D7093776D9}.Mono|x86.ActiveCfg = Mono|Any CPU
		{9487C1B1-BFF0-48FD-90EC-C5D7093776D9}.Release|Any CPU.ActiveCfg = Release|Any CPU
		{9487C1B1-BFF0-48FD-90EC-C5D7093776D9}.Release|Any CPU.Build.0 = Release|Any CPU
		{9487C1B1-BFF0-48FD-90EC-C5D7093776D9}.Release|Mixed Platforms.ActiveCfg = Release|Any CPU
		{9487C1B1-BFF0-48FD-90EC-C5D7093776D9}.Release|Mixed Platforms.Build.0 = Release|Any CPU
		{9487C1B1-BFF0-48FD-90EC-C5D7093776D9}.Release|x86.ActiveCfg = Release|Any CPU
		{C4F76672-980C-4368-A73A-65288A06A263}.Debug|Any CPU.ActiveCfg = Debug|Any CPU
		{C4F76672-980C-4368-A73A-65288A06A263}.Debug|Any CPU.Build.0 = Debug|Any CPU
		{C4F76672-980C-4368-A73A-65288A06A263}.Debug|Mixed Platforms.ActiveCfg = Debug|Any CPU
		{C4F76672-980C-4368-A73A-65288A06A263}.Debug|Mixed Platforms.Build.0 = Debug|Any CPU
		{C4F76672-980C-4368-A73A-65288A06A263}.Debug|x86.ActiveCfg = Debug|Any CPU
		{C4F76672-980C-4368-A73A-65288A06A263}.Mono|Any CPU.ActiveCfg = Mono|Any CPU
		{C4F76672-980C-4368-A73A-65288A06A263}.Mono|Any CPU.Build.0 = Mono|Any CPU
		{C4F76672-980C-4368-A73A-65288A06A263}.Mono|Mixed Platforms.ActiveCfg = Mono|Any CPU
		{C4F76672-980C-4368-A73A-65288A06A263}.Mono|Mixed Platforms.Build.0 = Mono|Any CPU
		{C4F76672-980C-4368-A73A-65288A06A263}.Mono|x86.ActiveCfg = Mono|Any CPU
		{C4F76672-980C-4368-A73A-65288A06A263}.Release|Any CPU.ActiveCfg = Release|Any CPU
		{C4F76672-980C-4368-A73A-65288A06A263}.Release|Any CPU.Build.0 = Release|Any CPU
		{C4F76672-980C-4368-A73A-65288A06A263}.Release|Mixed Platforms.ActiveCfg = Release|Any CPU
		{C4F76672-980C-4368-A73A-65288A06A263}.Release|Mixed Platforms.Build.0 = Release|Any CPU
		{C4F76672-980C-4368-A73A-65288A06A263}.Release|x86.ActiveCfg = Release|Any CPU
		{1F7D1B31-5726-4D1B-B03D-449C2026D879}.Debug|Any CPU.ActiveCfg = Debug|Any CPU
		{1F7D1B31-5726-4D1B-B03D-449C2026D879}.Debug|Any CPU.Build.0 = Debug|Any CPU
		{1F7D1B31-5726-4D1B-B03D-449C2026D879}.Debug|Mixed Platforms.ActiveCfg = Debug|Any CPU
		{1F7D1B31-5726-4D1B-B03D-449C2026D879}.Debug|Mixed Platforms.Build.0 = Debug|Any CPU
		{1F7D1B31-5726-4D1B-B03D-449C2026D879}.Debug|x86.ActiveCfg = Debug|Any CPU
		{1F7D1B31-5726-4D1B-B03D-449C2026D879}.Mono|Any CPU.ActiveCfg = Release|Any CPU
		{1F7D1B31-5726-4D1B-B03D-449C2026D879}.Mono|Any CPU.Build.0 = Release|Any CPU
		{1F7D1B31-5726-4D1B-B03D-449C2026D879}.Mono|Mixed Platforms.ActiveCfg = Release|Any CPU
		{1F7D1B31-5726-4D1B-B03D-449C2026D879}.Mono|Mixed Platforms.Build.0 = Release|Any CPU
		{1F7D1B31-5726-4D1B-B03D-449C2026D879}.Mono|x86.ActiveCfg = Release|Any CPU
		{1F7D1B31-5726-4D1B-B03D-449C2026D879}.Release|Any CPU.ActiveCfg = Release|Any CPU
		{1F7D1B31-5726-4D1B-B03D-449C2026D879}.Release|Any CPU.Build.0 = Release|Any CPU
		{1F7D1B31-5726-4D1B-B03D-449C2026D879}.Release|Mixed Platforms.ActiveCfg = Release|Any CPU
		{1F7D1B31-5726-4D1B-B03D-449C2026D879}.Release|Mixed Platforms.Build.0 = Release|Any CPU
		{1F7D1B31-5726-4D1B-B03D-449C2026D879}.Release|x86.ActiveCfg = Release|Any CPU
		{C06DA32E-8685-4D7A-806F-8A95E85C13EA}.Debug|Any CPU.ActiveCfg = Debug|Any CPU
		{C06DA32E-8685-4D7A-806F-8A95E85C13EA}.Debug|Any CPU.Build.0 = Debug|Any CPU
		{C06DA32E-8685-4D7A-806F-8A95E85C13EA}.Debug|Mixed Platforms.ActiveCfg = Debug|Any CPU
		{C06DA32E-8685-4D7A-806F-8A95E85C13EA}.Debug|Mixed Platforms.Build.0 = Debug|Any CPU
		{C06DA32E-8685-4D7A-806F-8A95E85C13EA}.Debug|x86.ActiveCfg = Debug|Any CPU
		{C06DA32E-8685-4D7A-806F-8A95E85C13EA}.Mono|Any CPU.ActiveCfg = Mono|Any CPU
		{C06DA32E-8685-4D7A-806F-8A95E85C13EA}.Mono|Any CPU.Build.0 = Mono|Any CPU
		{C06DA32E-8685-4D7A-806F-8A95E85C13EA}.Mono|Mixed Platforms.ActiveCfg = Mono|Any CPU
		{C06DA32E-8685-4D7A-806F-8A95E85C13EA}.Mono|Mixed Platforms.Build.0 = Mono|Any CPU
		{C06DA32E-8685-4D7A-806F-8A95E85C13EA}.Mono|x86.ActiveCfg = Mono|Any CPU
		{C06DA32E-8685-4D7A-806F-8A95E85C13EA}.Release|Any CPU.ActiveCfg = Release|Any CPU
		{C06DA32E-8685-4D7A-806F-8A95E85C13EA}.Release|Any CPU.Build.0 = Release|Any CPU
		{C06DA32E-8685-4D7A-806F-8A95E85C13EA}.Release|Mixed Platforms.ActiveCfg = Release|Any CPU
		{C06DA32E-8685-4D7A-806F-8A95E85C13EA}.Release|Mixed Platforms.Build.0 = Release|Any CPU
		{C06DA32E-8685-4D7A-806F-8A95E85C13EA}.Release|x86.ActiveCfg = Release|Any CPU
		{7DACDADE-BA4D-4950-AA99-DF9CC9A5619E}.Debug|Any CPU.ActiveCfg = Debug|Any CPU
		{7DACDADE-BA4D-4950-AA99-DF9CC9A5619E}.Debug|Any CPU.Build.0 = Debug|Any CPU
		{7DACDADE-BA4D-4950-AA99-DF9CC9A5619E}.Debug|Mixed Platforms.ActiveCfg = Debug|Any CPU
		{7DACDADE-BA4D-4950-AA99-DF9CC9A5619E}.Debug|Mixed Platforms.Build.0 = Debug|Any CPU
		{7DACDADE-BA4D-4950-AA99-DF9CC9A5619E}.Debug|x86.ActiveCfg = Debug|Any CPU
		{7DACDADE-BA4D-4950-AA99-DF9CC9A5619E}.Mono|Any CPU.ActiveCfg = Mono|Any CPU
		{7DACDADE-BA4D-4950-AA99-DF9CC9A5619E}.Mono|Any CPU.Build.0 = Mono|Any CPU
		{7DACDADE-BA4D-4950-AA99-DF9CC9A5619E}.Mono|Mixed Platforms.ActiveCfg = Mono|Any CPU
		{7DACDADE-BA4D-4950-AA99-DF9CC9A5619E}.Mono|Mixed Platforms.Build.0 = Mono|Any CPU
		{7DACDADE-BA4D-4950-AA99-DF9CC9A5619E}.Mono|x86.ActiveCfg = Mono|Any CPU
		{7DACDADE-BA4D-4950-AA99-DF9CC9A5619E}.Release|Any CPU.ActiveCfg = Release|Any CPU
		{7DACDADE-BA4D-4950-AA99-DF9CC9A5619E}.Release|Any CPU.Build.0 = Release|Any CPU
		{7DACDADE-BA4D-4950-AA99-DF9CC9A5619E}.Release|Mixed Platforms.ActiveCfg = Release|Any CPU
		{7DACDADE-BA4D-4950-AA99-DF9CC9A5619E}.Release|Mixed Platforms.Build.0 = Release|Any CPU
		{7DACDADE-BA4D-4950-AA99-DF9CC9A5619E}.Release|x86.ActiveCfg = Release|Any CPU
		{30CDA3F6-A7A1-499B-B209-118079235744}.Debug|Any CPU.ActiveCfg = Debug|Any CPU
		{30CDA3F6-A7A1-499B-B209-118079235744}.Debug|Any CPU.Build.0 = Debug|Any CPU
		{30CDA3F6-A7A1-499B-B209-118079235744}.Debug|Mixed Platforms.ActiveCfg = Debug|Any CPU
		{30CDA3F6-A7A1-499B-B209-118079235744}.Debug|Mixed Platforms.Build.0 = Debug|Any CPU
		{30CDA3F6-A7A1-499B-B209-118079235744}.Debug|x86.ActiveCfg = Debug|Any CPU
		{30CDA3F6-A7A1-499B-B209-118079235744}.Mono|Any CPU.ActiveCfg = Mono|Any CPU
		{30CDA3F6-A7A1-499B-B209-118079235744}.Mono|Any CPU.Build.0 = Mono|Any CPU
		{30CDA3F6-A7A1-499B-B209-118079235744}.Mono|Mixed Platforms.ActiveCfg = Mono|Any CPU
		{30CDA3F6-A7A1-499B-B209-118079235744}.Mono|Mixed Platforms.Build.0 = Mono|Any CPU
		{30CDA3F6-A7A1-499B-B209-118079235744}.Mono|x86.ActiveCfg = Mono|Any CPU
		{30CDA3F6-A7A1-499B-B209-118079235744}.Release|Any CPU.ActiveCfg = Release|Any CPU
		{30CDA3F6-A7A1-499B-B209-118079235744}.Release|Any CPU.Build.0 = Release|Any CPU
		{30CDA3F6-A7A1-499B-B209-118079235744}.Release|Mixed Platforms.ActiveCfg = Release|Any CPU
		{30CDA3F6-A7A1-499B-B209-118079235744}.Release|Mixed Platforms.Build.0 = Release|Any CPU
		{30CDA3F6-A7A1-499B-B209-118079235744}.Release|x86.ActiveCfg = Release|Any CPU
		{D8A96FAF-B87E-4B6E-9A3E-BBE567F23C50}.Debug|Any CPU.ActiveCfg = Debug|Any CPU
		{D8A96FAF-B87E-4B6E-9A3E-BBE567F23C50}.Debug|Any CPU.Build.0 = Debug|Any CPU
		{D8A96FAF-B87E-4B6E-9A3E-BBE567F23C50}.Debug|Mixed Platforms.ActiveCfg = Debug|Any CPU
		{D8A96FAF-B87E-4B6E-9A3E-BBE567F23C50}.Debug|Mixed Platforms.Build.0 = Debug|Any CPU
		{D8A96FAF-B87E-4B6E-9A3E-BBE567F23C50}.Debug|x86.ActiveCfg = Debug|Any CPU
		{D8A96FAF-B87E-4B6E-9A3E-BBE567F23C50}.Mono|Any CPU.ActiveCfg = Mono|Any CPU
		{D8A96FAF-B87E-4B6E-9A3E-BBE567F23C50}.Mono|Any CPU.Build.0 = Mono|Any CPU
		{D8A96FAF-B87E-4B6E-9A3E-BBE567F23C50}.Mono|Mixed Platforms.ActiveCfg = Mono|Any CPU
		{D8A96FAF-B87E-4B6E-9A3E-BBE567F23C50}.Mono|Mixed Platforms.Build.0 = Mono|Any CPU
		{D8A96FAF-B87E-4B6E-9A3E-BBE567F23C50}.Mono|x86.ActiveCfg = Mono|Any CPU
		{D8A96FAF-B87E-4B6E-9A3E-BBE567F23C50}.Release|Any CPU.ActiveCfg = Release|Any CPU
		{D8A96FAF-B87E-4B6E-9A3E-BBE567F23C50}.Release|Any CPU.Build.0 = Release|Any CPU
		{D8A96FAF-B87E-4B6E-9A3E-BBE567F23C50}.Release|Mixed Platforms.ActiveCfg = Release|Any CPU
		{D8A96FAF-B87E-4B6E-9A3E-BBE567F23C50}.Release|Mixed Platforms.Build.0 = Release|Any CPU
		{D8A96FAF-B87E-4B6E-9A3E-BBE567F23C50}.Release|x86.ActiveCfg = Release|Any CPU
		{7AFCA200-73CC-4C4D-8815-C512448118D2}.Debug|Any CPU.ActiveCfg = Debug|Any CPU
		{7AFCA200-73CC-4C4D-8815-C512448118D2}.Debug|Any CPU.Build.0 = Debug|Any CPU
		{7AFCA200-73CC-4C4D-8815-C512448118D2}.Debug|Mixed Platforms.ActiveCfg = Debug|Any CPU
		{7AFCA200-73CC-4C4D-8815-C512448118D2}.Debug|Mixed Platforms.Build.0 = Debug|Any CPU
		{7AFCA200-73CC-4C4D-8815-C512448118D2}.Debug|x86.ActiveCfg = Debug|Any CPU
		{7AFCA200-73CC-4C4D-8815-C512448118D2}.Mono|Any CPU.ActiveCfg = Release|Any CPU
		{7AFCA200-73CC-4C4D-8815-C512448118D2}.Mono|Any CPU.Build.0 = Release|Any CPU
		{7AFCA200-73CC-4C4D-8815-C512448118D2}.Mono|Mixed Platforms.ActiveCfg = Release|Any CPU
		{7AFCA200-73CC-4C4D-8815-C512448118D2}.Mono|Mixed Platforms.Build.0 = Release|Any CPU
		{7AFCA200-73CC-4C4D-8815-C512448118D2}.Mono|x86.ActiveCfg = Release|Any CPU
		{7AFCA200-73CC-4C4D-8815-C512448118D2}.Release|Any CPU.ActiveCfg = Release|Any CPU
		{7AFCA200-73CC-4C4D-8815-C512448118D2}.Release|Any CPU.Build.0 = Release|Any CPU
		{7AFCA200-73CC-4C4D-8815-C512448118D2}.Release|Mixed Platforms.ActiveCfg = Release|Any CPU
		{7AFCA200-73CC-4C4D-8815-C512448118D2}.Release|Mixed Platforms.Build.0 = Release|Any CPU
		{7AFCA200-73CC-4C4D-8815-C512448118D2}.Release|x86.ActiveCfg = Release|Any CPU
		{C88E9BC2-4058-4313-97D1-B2AC5DB2B599}.Debug|Any CPU.ActiveCfg = Debug|Any CPU
		{C88E9BC2-4058-4313-97D1-B2AC5DB2B599}.Debug|Any CPU.Build.0 = Debug|Any CPU
		{C88E9BC2-4058-4313-97D1-B2AC5DB2B599}.Debug|Mixed Platforms.ActiveCfg = Debug|Any CPU
		{C88E9BC2-4058-4313-97D1-B2AC5DB2B599}.Debug|Mixed Platforms.Build.0 = Debug|Any CPU
		{C88E9BC2-4058-4313-97D1-B2AC5DB2B599}.Debug|x86.ActiveCfg = Debug|Any CPU
		{C88E9BC2-4058-4313-97D1-B2AC5DB2B599}.Mono|Any CPU.ActiveCfg = Release|Any CPU
		{C88E9BC2-4058-4313-97D1-B2AC5DB2B599}.Mono|Any CPU.Build.0 = Release|Any CPU
		{C88E9BC2-4058-4313-97D1-B2AC5DB2B599}.Mono|Mixed Platforms.ActiveCfg = Release|Any CPU
		{C88E9BC2-4058-4313-97D1-B2AC5DB2B599}.Mono|Mixed Platforms.Build.0 = Release|Any CPU
		{C88E9BC2-4058-4313-97D1-B2AC5DB2B599}.Mono|x86.ActiveCfg = Release|Any CPU
		{C88E9BC2-4058-4313-97D1-B2AC5DB2B599}.Release|Any CPU.ActiveCfg = Release|Any CPU
		{C88E9BC2-4058-4313-97D1-B2AC5DB2B599}.Release|Any CPU.Build.0 = Release|Any CPU
		{C88E9BC2-4058-4313-97D1-B2AC5DB2B599}.Release|Mixed Platforms.ActiveCfg = Release|Any CPU
		{C88E9BC2-4058-4313-97D1-B2AC5DB2B599}.Release|Mixed Platforms.Build.0 = Release|Any CPU
		{C88E9BC2-4058-4313-97D1-B2AC5DB2B599}.Release|x86.ActiveCfg = Release|Any CPU
		{D60AB12C-6F49-438B-AE0A-E77141492740}.Debug|Any CPU.ActiveCfg = Debug|Any CPU
		{D60AB12C-6F49-438B-AE0A-E77141492740}.Debug|Any CPU.Build.0 = Debug|Any CPU
		{D60AB12C-6F49-438B-AE0A-E77141492740}.Debug|Mixed Platforms.ActiveCfg = Debug|Any CPU
		{D60AB12C-6F49-438B-AE0A-E77141492740}.Debug|Mixed Platforms.Build.0 = Debug|Any CPU
		{D60AB12C-6F49-438B-AE0A-E77141492740}.Debug|x86.ActiveCfg = Debug|Any CPU
		{D60AB12C-6F49-438B-AE0A-E77141492740}.Mono|Any CPU.ActiveCfg = Release|Any CPU
		{D60AB12C-6F49-438B-AE0A-E77141492740}.Mono|Any CPU.Build.0 = Release|Any CPU
		{D60AB12C-6F49-438B-AE0A-E77141492740}.Mono|Mixed Platforms.ActiveCfg = Release|Any CPU
		{D60AB12C-6F49-438B-AE0A-E77141492740}.Mono|Mixed Platforms.Build.0 = Release|Any CPU
		{D60AB12C-6F49-438B-AE0A-E77141492740}.Mono|x86.ActiveCfg = Release|Any CPU
		{D60AB12C-6F49-438B-AE0A-E77141492740}.Release|Any CPU.ActiveCfg = Release|Any CPU
		{D60AB12C-6F49-438B-AE0A-E77141492740}.Release|Any CPU.Build.0 = Release|Any CPU
		{D60AB12C-6F49-438B-AE0A-E77141492740}.Release|Mixed Platforms.ActiveCfg = Release|Any CPU
		{D60AB12C-6F49-438B-AE0A-E77141492740}.Release|Mixed Platforms.Build.0 = Release|Any CPU
		{D60AB12C-6F49-438B-AE0A-E77141492740}.Release|x86.ActiveCfg = Release|Any CPU
		{6AD42C2E-99E1-4F28-9B59-7B404C37B0A8}.Debug|Any CPU.ActiveCfg = Debug|Any CPU
		{6AD42C2E-99E1-4F28-9B59-7B404C37B0A8}.Debug|Any CPU.Build.0 = Debug|Any CPU
		{6AD42C2E-99E1-4F28-9B59-7B404C37B0A8}.Debug|Mixed Platforms.ActiveCfg = Debug|Any CPU
		{6AD42C2E-99E1-4F28-9B59-7B404C37B0A8}.Debug|Mixed Platforms.Build.0 = Debug|Any CPU
		{6AD42C2E-99E1-4F28-9B59-7B404C37B0A8}.Debug|x86.ActiveCfg = Debug|Any CPU
		{6AD42C2E-99E1-4F28-9B59-7B404C37B0A8}.Mono|Any CPU.ActiveCfg = Release|Any CPU
		{6AD42C2E-99E1-4F28-9B59-7B404C37B0A8}.Mono|Any CPU.Build.0 = Release|Any CPU
		{6AD42C2E-99E1-4F28-9B59-7B404C37B0A8}.Mono|Mixed Platforms.ActiveCfg = Release|Any CPU
		{6AD42C2E-99E1-4F28-9B59-7B404C37B0A8}.Mono|Mixed Platforms.Build.0 = Release|Any CPU
		{6AD42C2E-99E1-4F28-9B59-7B404C37B0A8}.Mono|x86.ActiveCfg = Release|Any CPU
		{6AD42C2E-99E1-4F28-9B59-7B404C37B0A8}.Release|Any CPU.ActiveCfg = Release|Any CPU
		{6AD42C2E-99E1-4F28-9B59-7B404C37B0A8}.Release|Any CPU.Build.0 = Release|Any CPU
		{6AD42C2E-99E1-4F28-9B59-7B404C37B0A8}.Release|Mixed Platforms.ActiveCfg = Release|Any CPU
		{6AD42C2E-99E1-4F28-9B59-7B404C37B0A8}.Release|Mixed Platforms.Build.0 = Release|Any CPU
		{6AD42C2E-99E1-4F28-9B59-7B404C37B0A8}.Release|x86.ActiveCfg = Release|Any CPU
		{BE167D36-C083-495C-A633-3ED999E4674F}.Debug|Any CPU.ActiveCfg = Debug|Any CPU
		{BE167D36-C083-495C-A633-3ED999E4674F}.Debug|Any CPU.Build.0 = Debug|Any CPU
		{BE167D36-C083-495C-A633-3ED999E4674F}.Debug|Mixed Platforms.ActiveCfg = Debug|Any CPU
		{BE167D36-C083-495C-A633-3ED999E4674F}.Debug|Mixed Platforms.Build.0 = Debug|Any CPU
		{BE167D36-C083-495C-A633-3ED999E4674F}.Debug|x86.ActiveCfg = Debug|Any CPU
		{BE167D36-C083-495C-A633-3ED999E4674F}.Mono|Any CPU.ActiveCfg = Release|Any CPU
		{BE167D36-C083-495C-A633-3ED999E4674F}.Mono|Any CPU.Build.0 = Release|Any CPU
		{BE167D36-C083-495C-A633-3ED999E4674F}.Mono|Mixed Platforms.ActiveCfg = Release|Any CPU
		{BE167D36-C083-495C-A633-3ED999E4674F}.Mono|Mixed Platforms.Build.0 = Release|Any CPU
		{BE167D36-C083-495C-A633-3ED999E4674F}.Mono|x86.ActiveCfg = Release|Any CPU
		{BE167D36-C083-495C-A633-3ED999E4674F}.Release|Any CPU.ActiveCfg = Release|Any CPU
		{BE167D36-C083-495C-A633-3ED999E4674F}.Release|Any CPU.Build.0 = Release|Any CPU
		{BE167D36-C083-495C-A633-3ED999E4674F}.Release|Mixed Platforms.ActiveCfg = Release|Any CPU
		{BE167D36-C083-495C-A633-3ED999E4674F}.Release|Mixed Platforms.Build.0 = Release|Any CPU
		{BE167D36-C083-495C-A633-3ED999E4674F}.Release|x86.ActiveCfg = Release|Any CPU
		{7A17AEAA-DD17-4D57-ACD9-B74A450D9E39}.Debug|Any CPU.ActiveCfg = Debug|Any CPU
		{7A17AEAA-DD17-4D57-ACD9-B74A450D9E39}.Debug|Any CPU.Build.0 = Debug|Any CPU
		{7A17AEAA-DD17-4D57-ACD9-B74A450D9E39}.Debug|Mixed Platforms.ActiveCfg = Debug|Any CPU
		{7A17AEAA-DD17-4D57-ACD9-B74A450D9E39}.Debug|Mixed Platforms.Build.0 = Debug|Any CPU
		{7A17AEAA-DD17-4D57-ACD9-B74A450D9E39}.Debug|x86.ActiveCfg = Debug|Any CPU
		{7A17AEAA-DD17-4D57-ACD9-B74A450D9E39}.Mono|Any CPU.ActiveCfg = Release|Any CPU
		{7A17AEAA-DD17-4D57-ACD9-B74A450D9E39}.Mono|Any CPU.Build.0 = Release|Any CPU
		{7A17AEAA-DD17-4D57-ACD9-B74A450D9E39}.Mono|Mixed Platforms.ActiveCfg = Release|Any CPU
		{7A17AEAA-DD17-4D57-ACD9-B74A450D9E39}.Mono|Mixed Platforms.Build.0 = Release|Any CPU
		{7A17AEAA-DD17-4D57-ACD9-B74A450D9E39}.Mono|x86.ActiveCfg = Release|Any CPU
		{7A17AEAA-DD17-4D57-ACD9-B74A450D9E39}.Release|Any CPU.ActiveCfg = Release|Any CPU
		{7A17AEAA-DD17-4D57-ACD9-B74A450D9E39}.Release|Any CPU.Build.0 = Release|Any CPU
		{7A17AEAA-DD17-4D57-ACD9-B74A450D9E39}.Release|Mixed Platforms.ActiveCfg = Release|Any CPU
		{7A17AEAA-DD17-4D57-ACD9-B74A450D9E39}.Release|Mixed Platforms.Build.0 = Release|Any CPU
		{7A17AEAA-DD17-4D57-ACD9-B74A450D9E39}.Release|x86.ActiveCfg = Release|Any CPU
		{A01BD986-6602-44CF-B27B-1370E9BF7CF8}.Debug|Any CPU.ActiveCfg = Debug|Any CPU
		{A01BD986-6602-44CF-B27B-1370E9BF7CF8}.Debug|Any CPU.Build.0 = Debug|Any CPU
		{A01BD986-6602-44CF-B27B-1370E9BF7CF8}.Debug|Mixed Platforms.ActiveCfg = Debug|Any CPU
		{A01BD986-6602-44CF-B27B-1370E9BF7CF8}.Debug|Mixed Platforms.Build.0 = Debug|Any CPU
		{A01BD986-6602-44CF-B27B-1370E9BF7CF8}.Debug|x86.ActiveCfg = Debug|Any CPU
		{A01BD986-6602-44CF-B27B-1370E9BF7CF8}.Mono|Any CPU.ActiveCfg = Release|Any CPU
		{A01BD986-6602-44CF-B27B-1370E9BF7CF8}.Mono|Any CPU.Build.0 = Release|Any CPU
		{A01BD986-6602-44CF-B27B-1370E9BF7CF8}.Mono|Mixed Platforms.ActiveCfg = Release|Any CPU
		{A01BD986-6602-44CF-B27B-1370E9BF7CF8}.Mono|Mixed Platforms.Build.0 = Release|Any CPU
		{A01BD986-6602-44CF-B27B-1370E9BF7CF8}.Mono|x86.ActiveCfg = Release|Any CPU
		{A01BD986-6602-44CF-B27B-1370E9BF7CF8}.Release|Any CPU.ActiveCfg = Release|Any CPU
		{A01BD986-6602-44CF-B27B-1370E9BF7CF8}.Release|Any CPU.Build.0 = Release|Any CPU
		{A01BD986-6602-44CF-B27B-1370E9BF7CF8}.Release|Mixed Platforms.ActiveCfg = Release|Any CPU
		{A01BD986-6602-44CF-B27B-1370E9BF7CF8}.Release|Mixed Platforms.Build.0 = Release|Any CPU
		{A01BD986-6602-44CF-B27B-1370E9BF7CF8}.Release|x86.ActiveCfg = Release|Any CPU
		{B0AD684D-54FD-4C20-8036-3AF0062956B3}.Debug|Any CPU.ActiveCfg = Debug|Any CPU
		{B0AD684D-54FD-4C20-8036-3AF0062956B3}.Debug|Any CPU.Build.0 = Debug|Any CPU
		{B0AD684D-54FD-4C20-8036-3AF0062956B3}.Debug|Mixed Platforms.ActiveCfg = Debug|Any CPU
		{B0AD684D-54FD-4C20-8036-3AF0062956B3}.Debug|Mixed Platforms.Build.0 = Debug|Any CPU
		{B0AD684D-54FD-4C20-8036-3AF0062956B3}.Debug|x86.ActiveCfg = Debug|Any CPU
		{B0AD684D-54FD-4C20-8036-3AF0062956B3}.Mono|Any CPU.ActiveCfg = Mono|Any CPU
		{B0AD684D-54FD-4C20-8036-3AF0062956B3}.Mono|Any CPU.Build.0 = Mono|Any CPU
		{B0AD684D-54FD-4C20-8036-3AF0062956B3}.Mono|Mixed Platforms.ActiveCfg = Mono|Any CPU
		{B0AD684D-54FD-4C20-8036-3AF0062956B3}.Mono|Mixed Platforms.Build.0 = Mono|Any CPU
		{B0AD684D-54FD-4C20-8036-3AF0062956B3}.Mono|x86.ActiveCfg = Mono|Any CPU
		{B0AD684D-54FD-4C20-8036-3AF0062956B3}.Release|Any CPU.ActiveCfg = Release|Any CPU
		{B0AD684D-54FD-4C20-8036-3AF0062956B3}.Release|Any CPU.Build.0 = Release|Any CPU
		{B0AD684D-54FD-4C20-8036-3AF0062956B3}.Release|Mixed Platforms.ActiveCfg = Release|Any CPU
		{B0AD684D-54FD-4C20-8036-3AF0062956B3}.Release|Mixed Platforms.Build.0 = Release|Any CPU
		{B0AD684D-54FD-4C20-8036-3AF0062956B3}.Release|x86.ActiveCfg = Release|Any CPU
	EndGlobalSection
	GlobalSection(SolutionProperties) = preSolution
		HideSolutionNode = FALSE
	EndGlobalSection
	GlobalSection(NestedProjects) = preSolution
		{C43A819E-AF1A-4040-9231-4F297DD6416F} = {307D5263-7AFA-4823-83DA-BA5D37719981}
		{2A96E16E-4398-4316-8637-54C0E0EA13ED} = {307D5263-7AFA-4823-83DA-BA5D37719981}
		{6BEE583B-B4CE-489B-A5D3-6EAF071438CC} = {307D5263-7AFA-4823-83DA-BA5D37719981}
		{7AFCA200-73CC-4C4D-8815-C512448118D2} = {307D5263-7AFA-4823-83DA-BA5D37719981}
		{8E943C88-AF40-4836-A8F6-681668514C83} = {C43A819E-AF1A-4040-9231-4F297DD6416F}
		{D60AB12C-6F49-438B-AE0A-E77141492740} = {C43A819E-AF1A-4040-9231-4F297DD6416F}
		{8ACB635F-5875-4FCB-AC38-CE33598D23B3} = {9337DE07-CEB3-456E-8FF3-C6BA4DB6496D}
		{721E3056-0F68-4874-B5E0-0B0223ECC4D7} = {9337DE07-CEB3-456E-8FF3-C6BA4DB6496D}
		{186DA9E7-5A90-4E10-90D3-C8080265EA70} = {9337DE07-CEB3-456E-8FF3-C6BA4DB6496D}
		{7DACDADE-BA4D-4950-AA99-DF9CC9A5619E} = {9337DE07-CEB3-456E-8FF3-C6BA4DB6496D}
		{30CDA3F6-A7A1-499B-B209-118079235744} = {9337DE07-CEB3-456E-8FF3-C6BA4DB6496D}
		{C88E9BC2-4058-4313-97D1-B2AC5DB2B599} = {9337DE07-CEB3-456E-8FF3-C6BA4DB6496D}
		{6AD42C2E-99E1-4F28-9B59-7B404C37B0A8} = {9337DE07-CEB3-456E-8FF3-C6BA4DB6496D}
		{BE167D36-C083-495C-A633-3ED999E4674F} = {9337DE07-CEB3-456E-8FF3-C6BA4DB6496D}
		{A01BD986-6602-44CF-B27B-1370E9BF7CF8} = {9337DE07-CEB3-456E-8FF3-C6BA4DB6496D}
		{D71A0FE0-0D80-48D2-B8F4-094DED490179} = {8ACB635F-5875-4FCB-AC38-CE33598D23B3}
		{C06DA32E-8685-4D7A-806F-8A95E85C13EA} = {8ACB635F-5875-4FCB-AC38-CE33598D23B3}
		{B0AD684D-54FD-4C20-8036-3AF0062956B3} = {8ACB635F-5875-4FCB-AC38-CE33598D23B3}
		{3BCE35A8-8B3D-4611-B8AB-D524EA4D7908} = {511632A3-D73B-46A7-8509-2A7B59AB01FD}
		{E7DE330D-1E7C-486E-BAE6-222B87256408} = {511632A3-D73B-46A7-8509-2A7B59AB01FD}
		{00DAFAB8-31C5-4DC6-A4A8-AFA7B97BBFDD} = {511632A3-D73B-46A7-8509-2A7B59AB01FD}
		{9C4534E8-B8EB-44F6-A759-C752F0DEA675} = {511632A3-D73B-46A7-8509-2A7B59AB01FD}
		{E4040A4F-0730-4784-AA6C-E3A950AA9A4B} = {511632A3-D73B-46A7-8509-2A7B59AB01FD}
		{58330196-87BC-4A8A-AECA-67B1873A4E1F} = {511632A3-D73B-46A7-8509-2A7B59AB01FD}
		{0058C57F-1D45-408B-B681-336889B0111E} = {511632A3-D73B-46A7-8509-2A7B59AB01FD}
		{6745FC14-607B-440B-AF83-19C460695C10} = {511632A3-D73B-46A7-8509-2A7B59AB01FD}
		{9487C1B1-BFF0-48FD-90EC-C5D7093776D9} = {511632A3-D73B-46A7-8509-2A7B59AB01FD}
		{C4F76672-980C-4368-A73A-65288A06A263} = {511632A3-D73B-46A7-8509-2A7B59AB01FD}
		{1BC1AA42-67B6-4EFD-B717-2AB6FEB981B8} = {EB086185-A8F5-4FDE-952A-A7F7A09D0C1C}
		{FB2B66D2-AA50-4552-9F0E-56F51369E651} = {EB086185-A8F5-4FDE-952A-A7F7A09D0C1C}
		{1F7D1B31-5726-4D1B-B03D-449C2026D879} = {5304F374-4E2F-49A4-8506-4E33FF86C526}
		{D8A96FAF-B87E-4B6E-9A3E-BBE567F23C50} = {5304F374-4E2F-49A4-8506-4E33FF86C526}
		{7A17AEAA-DD17-4D57-ACD9-B74A450D9E39} = {5304F374-4E2F-49A4-8506-4E33FF86C526}
	EndGlobalSection
EndGlobal
