
Microsoft Visual Studio Solution File, Format Version 11.00
# Visual Studio 2010
Project("{FAE04EC0-301F-11D3-BF4B-00C04F79EFBC}") = "LitS3", "LitS3.csproj", "{C564E026-D515-4E8B-ADED-36087E89443E}"
EndProject
Project("{2150E333-8FDC-42A3-9474-1A3956D46DE8}") = "Solution Items", "Solution Items", "{ADCBB78E-7781-415D-BFCB-B06E9BDFDC9C}"
	ProjectSection(SolutionItems) = preProject
		LitS3.vsmdi = LitS3.vsmdi
		Local.testsettings = Local.testsettings
		TraceAndTestImpact.testsettings = TraceAndTestImpact.testsettings
	EndProjectSection
EndProject
Project("{FAE04EC0-301F-11D3-BF4B-00C04F79EFBC}") = "LitS3Portable", "LitS3Portable.csproj", "{EAC204DD-8D3F-4B78-AA59-F58271251876}"
EndProject
Global
	GlobalSection(TestCaseManagementSettings) = postSolution
		CategoryFile = LitS3.vsmdi
	EndGlobalSection
	GlobalSection(SolutionConfigurationPlatforms) = preSolution
		Debug|Any CPU = Debug|Any CPU
		Release|Any CPU = Release|Any CPU
	EndGlobalSection
	GlobalSection(ProjectConfigurationPlatforms) = postSolution
		{C564E026-D515-4E8B-ADED-36087E89443E}.Debug|Any CPU.ActiveCfg = Debug|Any CPU
		{C564E026-D515-4E8B-ADED-36087E89443E}.Debug|Any CPU.Build.0 = Debug|Any CPU
		{C564E026-D515-4E8B-ADED-36087E89443E}.Release|Any CPU.ActiveCfg = Release|Any CPU
		{C564E026-D515-4E8B-ADED-36087E89443E}.Release|Any CPU.Build.0 = Release|Any CPU
		{EAC204DD-8D3F-4B78-AA59-F58271251876}.Debug|Any CPU.ActiveCfg = Debug|Any CPU
		{EAC204DD-8D3F-4B78-AA59-F58271251876}.Debug|Any CPU.Build.0 = Debug|Any CPU
		{EAC204DD-8D3F-4B78-AA59-F58271251876}.Release|Any CPU.ActiveCfg = Release|Any CPU
		{EAC204DD-8D3F-4B78-AA59-F58271251876}.Release|Any CPU.Build.0 = Release|Any CPU
	EndGlobalSection
	GlobalSection(SolutionProperties) = preSolution
		HideSolutionNode = FALSE
	EndGlobalSection
EndGlobal
